
Microsoft Visual Studio Solution File, Format Version 12.00
# Visual Studio 2013
VisualStudioVersion = 12.0.21005.1
MinimumVisualStudioVersion = 10.0.40219.1
Project("{2150E333-8FDC-42A3-9474-1A3956D46DE8}") = "Solution Items", "Solution Items", "{940C72A0-FBE6-473D-A6D6-76D8A7392C19}"
	ProjectSection(SolutionItems) = preProject
		SolutionInfo.cs = SolutionInfo.cs
	EndProjectSection
EndProject
Project("{FAE04EC0-301F-11D3-BF4B-00C04F79EFBC}") = "Servidor.Aplicativo", "servidor\Servidor.Aplicativo\Servidor.Aplicativo.csproj", "{BCF65CF9-31FB-4AFB-92EE-0251FC46491D}"
	ProjectSection(ProjectDependencies) = postProject
		{F5848418-C7A2-4CBA-9C25-8AC7F9422344} = {F5848418-C7A2-4CBA-9C25-8AC7F9422344}
		{95562B4C-DC94-4A98-B3B3-A32FBB575D45} = {95562B4C-DC94-4A98-B3B3-A32FBB575D45}
		{E7D33E56-B86E-472C-B459-1FA5DB733975} = {E7D33E56-B86E-472C-B459-1FA5DB733975}
		{0BC4BE5B-153C-458C-840B-49033B045C02} = {0BC4BE5B-153C-458C-840B-49033B045C02}
		{0D8E2B66-3AF3-49BC-9F88-3760FCB8EAD3} = {0D8E2B66-3AF3-49BC-9F88-3760FCB8EAD3}
		{8B7C446A-15CB-484D-8938-E4505A3DB222} = {8B7C446A-15CB-484D-8938-E4505A3DB222}
		{FEDF216E-5B53-41B4-A71D-11C8018BA814} = {FEDF216E-5B53-41B4-A71D-11C8018BA814}
		{EE477872-9649-4104-8254-8E8EF3529C59} = {EE477872-9649-4104-8254-8E8EF3529C59}
		{E1BE4E74-6811-4302-B47C-CDCCAD1E0DA0} = {E1BE4E74-6811-4302-B47C-CDCCAD1E0DA0}
		{3069F577-EA27-4908-A141-DF965717777C} = {3069F577-EA27-4908-A141-DF965717777C}
		{5BEEF981-C724-45CB-BDA8-0FA336378A49} = {5BEEF981-C724-45CB-BDA8-0FA336378A49}
		{30D4BD84-0FB0-482E-8FDE-7064C46A15DC} = {30D4BD84-0FB0-482E-8FDE-7064C46A15DC}
		{95D0E493-548D-4B02-B84E-3F026C188654} = {95D0E493-548D-4B02-B84E-3F026C188654}
		{7BD822A4-32F3-45D1-9F00-72F0CF33AC5E} = {7BD822A4-32F3-45D1-9F00-72F0CF33AC5E}
		{E8DE62A6-F200-4BE2-B92B-0A75AD6AE155} = {E8DE62A6-F200-4BE2-B92B-0A75AD6AE155}
		{46DEFBAB-B99B-4F14-B29D-1796914861BC} = {46DEFBAB-B99B-4F14-B29D-1796914861BC}
		{73B06FB2-20BB-4354-AA14-86C4F784A9AD} = {73B06FB2-20BB-4354-AA14-86C4F784A9AD}
		{655695B7-5CDF-47B6-B7AE-C10DFF6528AD} = {655695B7-5CDF-47B6-B7AE-C10DFF6528AD}
		{B1ED98BF-5663-44C9-B22E-0C5F82828EF0} = {B1ED98BF-5663-44C9-B22E-0C5F82828EF0}
		{0E6150C9-2BCA-4828-AD46-411589762A69} = {0E6150C9-2BCA-4828-AD46-411589762A69}
		{B317D5CD-BBEF-4FCE-A8C0-D9EE6B9BF170} = {B317D5CD-BBEF-4FCE-A8C0-D9EE6B9BF170}
		{E52DAAD3-2BED-4FBF-AEAB-E1944C5C6BF7} = {E52DAAD3-2BED-4FBF-AEAB-E1944C5C6BF7}
		{9486E7D7-F75C-48D5-B7D8-75BCB5C807EB} = {9486E7D7-F75C-48D5-B7D8-75BCB5C807EB}
		{267C91DB-6EAA-4940-8878-29CC694E65F5} = {267C91DB-6EAA-4940-8878-29CC694E65F5}
		{34673CED-1D13-4B87-804D-72B5BEDA0837} = {34673CED-1D13-4B87-804D-72B5BEDA0837}
	EndProjectSection
EndProject
Project("{FAE04EC0-301F-11D3-BF4B-00C04F79EFBC}") = "Servidor.Factory", "servidor\Servidor.Factory\Servidor.Factory.csproj", "{43EBF0B1-E01E-439D-A0A7-BB76006099E2}"
	ProjectSection(ProjectDependencies) = postProject
		{95562B4C-DC94-4A98-B3B3-A32FBB575D45} = {95562B4C-DC94-4A98-B3B3-A32FBB575D45}
		{6E264675-3DF1-4192-879E-944FC1DC360E} = {6E264675-3DF1-4192-879E-944FC1DC360E}
		{6E55B480-DF00-40FB-BFEF-84901A4C0BA1} = {6E55B480-DF00-40FB-BFEF-84901A4C0BA1}
		{46DEFBAB-B99B-4F14-B29D-1796914861BC} = {46DEFBAB-B99B-4F14-B29D-1796914861BC}
		{655695B7-5CDF-47B6-B7AE-C10DFF6528AD} = {655695B7-5CDF-47B6-B7AE-C10DFF6528AD}
		{0E6150C9-2BCA-4828-AD46-411589762A69} = {0E6150C9-2BCA-4828-AD46-411589762A69}
		{9486E7D7-F75C-48D5-B7D8-75BCB5C807EB} = {9486E7D7-F75C-48D5-B7D8-75BCB5C807EB}
	EndProjectSection
EndProject
Project("{FAE04EC0-301F-11D3-BF4B-00C04F79EFBC}") = "Servidor.Framework", "servidor\framework\servidor.framework\Servidor.Framework.csproj", "{1DB1E260-1955-4146-AA90-376225EA5F68}"
	ProjectSection(ProjectDependencies) = postProject
		{BE297334-4E6F-44ED-A0E8-6E6DA7E557F0} = {BE297334-4E6F-44ED-A0E8-6E6DA7E557F0}
		{34673CED-1D13-4B87-804D-72B5BEDA0837} = {34673CED-1D13-4B87-804D-72B5BEDA0837}
	EndProjectSection
EndProject
Project("{FAE04EC0-301F-11D3-BF4B-00C04F79EFBC}") = "Servidor.Interface", "servidor\servidor.interface\Servidor.Interface.csproj", "{BE297334-4E6F-44ED-A0E8-6E6DA7E557F0}"
EndProject
Project("{FAE04EC0-301F-11D3-BF4B-00C04F79EFBC}") = "Versatus", "servidor\objeto de neg�cio\versatus\Versatus.csproj", "{3E18ABE7-5787-4B3A-B932-5DD30EFA119C}"
EndProject
Project("{FAE04EC0-301F-11D3-BF4B-00C04F79EFBC}") = "Impressao", "servidor\objeto de neg�cio\impressao\Impressao.csproj", "{FEDF216E-5B53-41B4-A71D-11C8018BA814}"
EndProject
Project("{FAE04EC0-301F-11D3-BF4B-00C04F79EFBC}") = "Base.Distribuicao", "servidor\objeto de neg�cio\Base.Distribuicao\Base.Distribuicao.csproj", "{6E55B480-DF00-40FB-BFEF-84901A4C0BA1}"
	ProjectSection(ProjectDependencies) = postProject
		{655695B7-5CDF-47B6-B7AE-C10DFF6528AD} = {655695B7-5CDF-47B6-B7AE-C10DFF6528AD}
	EndProjectSection
EndProject
Project("{FAE04EC0-301F-11D3-BF4B-00C04F79EFBC}") = "Gentle.Provider.SQLServerVersatus", "servidor\framework\Gentle.Provider.SQLServerVersatus\Gentle.Provider.SQLServerVersatus.csproj", "{E94B6E8C-BEB4-4DF3-882C-E492C4A1DD28}"
EndProject
Project("{FAE04EC0-301F-11D3-BF4B-00C04F79EFBC}") = "Versatus.Seguranca", "Versatus.Licenca\Versatus.Seguranca.csproj", "{6FD42805-BA3A-4727-B94B-D663539A6209}"
EndProject
Project("{FAE04EC0-301F-11D3-BF4B-00C04F79EFBC}") = "Versatus.Update", "VersatusUpdate\Versatus.Update.csproj", "{7D91CF8E-8926-440D-9C1C-6D223BC5E3E1}"
EndProject
Project("{FAE04EC0-301F-11D3-BF4B-00C04F79EFBC}") = "Gestao.RH", "servidor\objeto de neg�cio\Gestao.RH\Gestao.RH.csproj", "{8B7C446A-15CB-484D-8938-E4505A3DB222}"
	ProjectSection(ProjectDependencies) = postProject
		{D5C93A8C-C343-4981-8F0E-B229B8BC638D} = {D5C93A8C-C343-4981-8F0E-B229B8BC638D}
	EndProjectSection
EndProject
Project("{FAE04EC0-301F-11D3-BF4B-00C04F79EFBC}") = "Gestao.Rh.Formula", "servidor\objeto de neg�cio\Gestao.Rh.Formula\Gestao.Rh.Formula.csproj", "{F5848418-C7A2-4CBA-9C25-8AC7F9422344}"
EndProject
Project("{FAE04EC0-301F-11D3-BF4B-00C04F79EFBC}") = "Campos.Especificos", "servidor\objeto de neg�cio\Campos.Especificos\Campos.Especificos.csproj", "{19216905-3BB6-4462-8076-34340F858AE8}"
EndProject
Project("{FAE04EC0-301F-11D3-BF4B-00C04F79EFBC}") = "Versatus.DataPatch", "servidor\servidor.dataPatches\Versatus.DataPatch\Versatus.DataPatch.csproj", "{9C2FC824-1D0D-44F8-BBC8-2464227DF61A}"
EndProject
Project("{FAE04EC0-301F-11D3-BF4B-00C04F79EFBC}") = "Versatus.Language", "VersatusLanguage\Versatus.Language.csproj", "{2987FCA1-D667-423C-9FA7-DA3A121DCDA9}"
EndProject
Project("{FAE04EC0-301F-11D3-BF4B-00C04F79EFBC}") = "Gestao.Obra", "servidor\objeto de neg�cio\Gestao.Obra\Gestao.Obra.csproj", "{E52DAAD3-2BED-4FBF-AEAB-E1944C5C6BF7}"
EndProject
Project("{FAE04EC0-301F-11D3-BF4B-00C04F79EFBC}") = "Gestao.OS", "servidor\objeto de neg�cio\Gestao.OS\Gestao.OS.csproj", "{0BC4BE5B-153C-458C-840B-49033B045C02}"
	ProjectSection(ProjectDependencies) = postProject
		{5BEEF981-C724-45CB-BDA8-0FA336378A49} = {5BEEF981-C724-45CB-BDA8-0FA336378A49}
	EndProjectSection
EndProject
Project("{FAE04EC0-301F-11D3-BF4B-00C04F79EFBC}") = "NFe", "servidor\objeto de neg�cio\NFe\NFe.csproj", "{406DE044-4924-4EB6-B42A-57BEEDDB399B}"
	ProjectSection(ProjectDependencies) = postProject
		{0D8E2B66-3AF3-49BC-9F88-3760FCB8EAD3} = {0D8E2B66-3AF3-49BC-9F88-3760FCB8EAD3}
		{34673CED-1D13-4B87-804D-72B5BEDA0837} = {34673CED-1D13-4B87-804D-72B5BEDA0837}
	EndProjectSection
EndProject
Project("{FAE04EC0-301F-11D3-BF4B-00C04F79EFBC}") = "NFe.Comm", "NFe.Comm\NFe.Comm.csproj", "{3F7C6D60-1FA2-42E1-8E35-5E34209B7698}"
	ProjectSection(ProjectDependencies) = postProject
		{34673CED-1D13-4B87-804D-72B5BEDA0837} = {34673CED-1D13-4B87-804D-72B5BEDA0837}
	EndProjectSection
EndProject
Project("{FAE04EC0-301F-11D3-BF4B-00C04F79EFBC}") = "Servidor.Tools", "servidor\Servidor.Tools\Servidor.Tools.csproj", "{C854DCF9-DD49-4E37-B5A0-4BA87BA9F1E9}"
EndProject
Project("{FAE04EC0-301F-11D3-BF4B-00C04F79EFBC}") = "Gestao.Frota", "servidor\objeto de neg�cio\Gestao.Frota\Gestao.Frota.csproj", "{30D4BD84-0FB0-482E-8FDE-7064C46A15DC}"
EndProject
Project("{FAE04EC0-301F-11D3-BF4B-00C04F79EFBC}") = "Gestao.Garagem", "servidor\objeto de neg�cio\Gestao.Garagem\Gestao.Garagem.csproj", "{B1ED98BF-5663-44C9-B22E-0C5F82828EF0}"
EndProject
Project("{FAE04EC0-301F-11D3-BF4B-00C04F79EFBC}") = "Gestao.Pdv", "servidor\objeto de neg�cio\Gestao.Pdv\Gestao.Pdv.csproj", "{3069F577-EA27-4908-A141-DF965717777C}"
EndProject
Project("{FAE04EC0-301F-11D3-BF4B-00C04F79EFBC}") = "Gestao.Armazem", "servidor\objeto de neg�cio\Gestao.Armazem\Gestao.Armazem.csproj", "{267C91DB-6EAA-4940-8878-29CC694E65F5}"
	ProjectSection(ProjectDependencies) = postProject
		{B317D5CD-BBEF-4FCE-A8C0-D9EE6B9BF170} = {B317D5CD-BBEF-4FCE-A8C0-D9EE6B9BF170}
	EndProjectSection
EndProject
Project("{FAE04EC0-301F-11D3-BF4B-00C04F79EFBC}") = "Acesso.Global", "servidor\objeto de neg�cio\acesso.global\Acesso.Global.csproj", "{A224CA5F-8C89-4AC6-9BCD-7E823030A672}"
	ProjectSection(ProjectDependencies) = postProject
		{6FD42805-BA3A-4727-B94B-D663539A6209} = {6FD42805-BA3A-4727-B94B-D663539A6209}
		{F173E80B-E36B-48AD-B483-A27F8CA86F3C} = {F173E80B-E36B-48AD-B483-A27F8CA86F3C}
		{BE297334-4E6F-44ED-A0E8-6E6DA7E557F0} = {BE297334-4E6F-44ED-A0E8-6E6DA7E557F0}
		{1DB1E260-1955-4146-AA90-376225EA5F68} = {1DB1E260-1955-4146-AA90-376225EA5F68}
		{D9F0A784-7C1C-4E18-BF29-A020DB7F5037} = {D9F0A784-7C1C-4E18-BF29-A020DB7F5037}
		{D5C93A8C-C343-4981-8F0E-B229B8BC638D} = {D5C93A8C-C343-4981-8F0E-B229B8BC638D}
		{2987FCA1-D667-423C-9FA7-DA3A121DCDA9} = {2987FCA1-D667-423C-9FA7-DA3A121DCDA9}
	EndProjectSection
EndProject
Project("{FAE04EC0-301F-11D3-BF4B-00C04F79EFBC}") = "Gestao.Tributo", "servidor\objeto de neg�cio\gestao.tributo\Gestao.Tributo.csproj", "{7BD822A4-32F3-45D1-9F00-72F0CF33AC5E}"
EndProject
Project("{FAE04EC0-301F-11D3-BF4B-00C04F79EFBC}") = "Geral", "geral\Geral.csproj", "{D5C93A8C-C343-4981-8F0E-B229B8BC638D}"
EndProject
Project("{FAE04EC0-301F-11D3-BF4B-00C04F79EFBC}") = "Gestao.Material", "servidor\objeto de neg�cio\gestao.material\Gestao.Material.csproj", "{5BEEF981-C724-45CB-BDA8-0FA336378A49}"
EndProject
Project("{FAE04EC0-301F-11D3-BF4B-00C04F79EFBC}") = "Gestao.Faturamento", "servidor\objeto de neg�cio\faturamento\Gestao.Faturamento.csproj", "{14F5FA13-9DB5-4040-98BB-82129E5B0FF9}"
EndProject
Project("{FAE04EC0-301F-11D3-BF4B-00C04F79EFBC}") = "Gestao.Compra", "servidor\objeto de neg�cio\gestao.compra\Gestao.Compra.csproj", "{7EAB2FA1-F69C-4A07-8740-AC7B9FBB11D2}"
	ProjectSection(ProjectDependencies) = postProject
		{406DE044-4924-4EB6-B42A-57BEEDDB399B} = {406DE044-4924-4EB6-B42A-57BEEDDB399B}
	EndProjectSection
EndProject
Project("{FAE04EC0-301F-11D3-BF4B-00C04F79EFBC}") = "gestao.financeira", "servidor\objeto de neg�cio\gestao.financeira\gestao.financeira.csproj", "{BD8A2ABE-35DA-4882-AF94-CDEC031F35BC}"
EndProject
Project("{FAE04EC0-301F-11D3-BF4B-00C04F79EFBC}") = "SPED.Fiscal", "servidor\objeto de neg�cio\SPED.Fiscal\SPED.Fiscal.csproj", "{E1BE4E74-6811-4302-B47C-CDCCAD1E0DA0}"
EndProject
Project("{FAE04EC0-301F-11D3-BF4B-00C04F79EFBC}") = "Gestao.Small", "servidor\objeto de neg�cio\Gestao.Small\Gestao.Small.csproj", "{EE477872-9649-4104-8254-8E8EF3529C59}"
	ProjectSection(ProjectDependencies) = postProject
		{A224CA5F-8C89-4AC6-9BCD-7E823030A672} = {A224CA5F-8C89-4AC6-9BCD-7E823030A672}
	EndProjectSection
EndProject
Project("{FAE04EC0-301F-11D3-BF4B-00C04F79EFBC}") = "Versatus.ImportExport", "servidor\Servidor.Small.Export\Versatus.ImportExport.csproj", "{83205DB5-B409-4DC1-ACD4-3C3FCDF4C704}"
EndProject
Project("{FAE04EC0-301F-11D3-BF4B-00C04F79EFBC}") = "BarcodeLib", "aplicativos\BarcodeLib\BarcodeLib.csproj", "{F8646414-0C9C-49BB-9DA3-3923BF78A398}"
EndProject
Project("{FAE04EC0-301F-11D3-BF4B-00C04F79EFBC}") = "Boleto.Net", "aplicativos\BoletoNet\Boleto.Net.csproj", "{F173E80B-E36B-48AD-B483-A27F8CA86F3C}"
	ProjectSection(ProjectDependencies) = postProject
		{D5C93A8C-C343-4981-8F0E-B229B8BC638D} = {D5C93A8C-C343-4981-8F0E-B229B8BC638D}
	EndProjectSection
EndProject
Project("{FAE04EC0-301F-11D3-BF4B-00C04F79EFBC}") = "SPED.PisCofins", "servidor\objeto de neg�cio\SPED.PisCofins\SPED.PisCofins.csproj", "{E8DE62A6-F200-4BE2-B92B-0A75AD6AE155}"
EndProject
Project("{2150E333-8FDC-42A3-9474-1A3956D46DE8}") = ".nuget", ".nuget", "{A75940CF-1292-4C40-A469-65D270A9B2FD}"
	ProjectSection(SolutionItems) = preProject
		.nuget\NuGet.Config = .nuget\NuGet.Config
		.nuget\NuGet.exe = .nuget\NuGet.exe
		.nuget\NuGet.targets = .nuget\NuGet.targets
	EndProjectSection
EndProject
Project("{FAE04EC0-301F-11D3-BF4B-00C04F79EFBC}") = "Gestao.Eval", "servidor\objeto de neg�cio\Gestao.Eval\Gestao.Eval.csproj", "{D9F0A784-7C1C-4E18-BF29-A020DB7F5037}"
EndProject
Project("{FAE04EC0-301F-11D3-BF4B-00C04F79EFBC}") = "Versatus.Eval", "Versatus.Eval\Versatus.Eval.csproj", "{73B06FB2-20BB-4354-AA14-86C4F784A9AD}"
EndProject
Project("{FAE04EC0-301F-11D3-BF4B-00C04F79EFBC}") = "Versatus.Job", "Versatus.Job\Versatus.Job.csproj", "{F29005B6-8680-4E1B-B144-7FB1C85475FA}"
EndProject
Project("{FAE04EC0-301F-11D3-BF4B-00C04F79EFBC}") = "Gestao.Job", "servidor\objeto de neg�cio\Gestao.Job\Gestao.Job.csproj", "{B4BC06D2-AC68-47E0-80F4-41DB620AE720}"
EndProject
Project("{FAE04EC0-301F-11D3-BF4B-00C04F79EFBC}") = "Gestao.Mobile", "servidor\objeto de neg�cio\Gestao.Mobile\Gestao.Mobile.csproj", "{95D0E493-548D-4B02-B84E-3F026C188654}"
EndProject
Project("{FAE04EC0-301F-11D3-BF4B-00C04F79EFBC}") = "Gestao.Locacao", "servidor\objeto de neg�cio\Gestao.Locacao\Gestao.Locacao.csproj", "{E7D33E56-B86E-472C-B459-1FA5DB733975}"
EndProject
Project("{FAE04EC0-301F-11D3-BF4B-00C04F79EFBC}") = "Gestao.Pesagem", "servidor\objeto de neg�cio\Gestao.Pesagem\Gestao.Pesagem.csproj", "{B317D5CD-BBEF-4FCE-A8C0-D9EE6B9BF170}"
EndProject
Project("{FAE04EC0-301F-11D3-BF4B-00C04F79EFBC}") = "Gestao.Contabil", "servidor\objeto de neg�cio\Gestao.Contabil\Gestao.Contabil.csproj", "{557D92F8-6ADC-4363-AEA0-749F3C8D0FC6}"
EndProject
Project("{FAE04EC0-301F-11D3-BF4B-00C04F79EFBC}") = "Servidor.ExportacaoContabil", "servidor\Servidor.ExportacaoContabil\Servidor.ExportacaoContabil.csproj", "{421B6F6F-17FA-4789-A55D-26DA315CEC90}"
EndProject
Project("{FAE04EC0-301F-11D3-BF4B-00C04F79EFBC}") = "Gestao.Integracao", "servidor\objeto de neg�cio\Gestao.Integracao\Gestao.Integracao.csproj", "{1BD6589D-DFE0-47BD-827C-C57D138E5FC6}"
EndProject
Project("{FAE04EC0-301F-11D3-BF4B-00C04F79EFBC}") = "Integracao.Ecommerce", "Integracao.Ecommerce\Integracao.Ecommerce.csproj", "{C5036B7F-9D11-47AE-AF61-C84AFF3FBC46}"
EndProject
Project("{FAE04EC0-301F-11D3-BF4B-00C04F79EFBC}") = "Gestao.Contrato", "servidor\objeto de neg�cio\Gestao.Contrato\Gestao.Contrato.csproj", "{89110B50-9AE7-465D-BF0C-63C090AF9FF6}"
EndProject
Project("{FAE04EC0-301F-11D3-BF4B-00C04F79EFBC}") = "Gestao.Educacional", "servidor\objeto de neg�cio\Gestao.Educacional\Gestao.Educacional.csproj", "{382B4EB5-CA1F-4BF1-811E-C1BC2119047F}"
EndProject
Project("{FAE04EC0-301F-11D3-BF4B-00C04F79EFBC}") = "Versatus.MeusPedidos", "Versatus.MeusPedidos\Versatus.MeusPedidos.csproj", "{CCBF0C6F-CADF-4E1A-8E85-07421FCEB55E}"
EndProject
Project("{FAE04EC0-301F-11D3-BF4B-00C04F79EFBC}") = "Miscellaneous", "Miscellaneous\Miscellaneous.csproj", "{34673CED-1D13-4B87-804D-72B5BEDA0837}"
	ProjectSection(ProjectDependencies) = postProject
		{BE297334-4E6F-44ED-A0E8-6E6DA7E557F0} = {BE297334-4E6F-44ED-A0E8-6E6DA7E557F0}
		{D5C93A8C-C343-4981-8F0E-B229B8BC638D} = {D5C93A8C-C343-4981-8F0E-B229B8BC638D}
	EndProjectSection
EndProject
Project("{FAE04EC0-301F-11D3-BF4B-00C04F79EFBC}") = "Gestao.Producao", "servidor\objeto de neg�cio\Gestao.Producao\Gestao.Producao.csproj", "{46DEFBAB-B99B-4F14-B29D-1796914861BC}"
EndProject
Project("{FAE04EC0-301F-11D3-BF4B-00C04F79EFBC}") = "Gestao.Expurgo", "servidor\objeto de neg�cio\Gestao.Expurgo\Gestao.Expurgo.csproj", "{6E264675-3DF1-4192-879E-944FC1DC360E}"
	ProjectSection(ProjectDependencies) = postProject
		{14F5FA13-9DB5-4040-98BB-82129E5B0FF9} = {14F5FA13-9DB5-4040-98BB-82129E5B0FF9}
		{6E55B480-DF00-40FB-BFEF-84901A4C0BA1} = {6E55B480-DF00-40FB-BFEF-84901A4C0BA1}
		{7EAB2FA1-F69C-4A07-8740-AC7B9FBB11D2} = {7EAB2FA1-F69C-4A07-8740-AC7B9FBB11D2}
	EndProjectSection
EndProject
Project("{FAE04EC0-301F-11D3-BF4B-00C04F79EFBC}") = "MDFe", "servidor\objeto de neg�cio\MDFe\MDFe.csproj", "{0E6150C9-2BCA-4828-AD46-411589762A69}"
	ProjectSection(ProjectDependencies) = postProject
		{C9F1142A-1A17-4AD3-93EF-BB2C9919495C} = {C9F1142A-1A17-4AD3-93EF-BB2C9919495C}
		{0D8E2B66-3AF3-49BC-9F88-3760FCB8EAD3} = {0D8E2B66-3AF3-49BC-9F88-3760FCB8EAD3}
		{34673CED-1D13-4B87-804D-72B5BEDA0837} = {34673CED-1D13-4B87-804D-72B5BEDA0837}
	EndProjectSection
EndProject
Project("{FAE04EC0-301F-11D3-BF4B-00C04F79EFBC}") = "MDFe.Comm", "MDFe.Comm\MDFe.Comm.csproj", "{C9F1142A-1A17-4AD3-93EF-BB2C9919495C}"
	ProjectSection(ProjectDependencies) = postProject
		{34673CED-1D13-4B87-804D-72B5BEDA0837} = {34673CED-1D13-4B87-804D-72B5BEDA0837}
	EndProjectSection
EndProject
Project("{FAE04EC0-301F-11D3-BF4B-00C04F79EFBC}") = "Base.DocumentoEletronico", "servidor\objeto de neg�cio\Base.DocumentoEletronico\Base.DocumentoEletronico.csproj", "{0D8E2B66-3AF3-49BC-9F88-3760FCB8EAD3}"
EndProject
Project("{FAE04EC0-301F-11D3-BF4B-00C04F79EFBC}") = "CTe.Comm", "CTe.Comm\CTe.Comm.csproj", "{2ECB0F9D-03D4-4ABD-BC00-8BD46A60D36E}"
EndProject
Project("{FAE04EC0-301F-11D3-BF4B-00C04F79EFBC}") = "Gestao.Transporte", "servidor\objeto de neg�cio\Gestao.Transporte\Gestao.Transporte.csproj", "{9486E7D7-F75C-48D5-B7D8-75BCB5C807EB}"
EndProject
Project("{FAE04EC0-301F-11D3-BF4B-00C04F79EFBC}") = "NFSe", "servidor\objeto de neg�cio\NFSe\NFSe.csproj", "{95562B4C-DC94-4A98-B3B3-A32FBB575D45}"
	ProjectSection(ProjectDependencies) = postProject
		{6FD42805-BA3A-4727-B94B-D663539A6209} = {6FD42805-BA3A-4727-B94B-D663539A6209}
		{BE297334-4E6F-44ED-A0E8-6E6DA7E557F0} = {BE297334-4E6F-44ED-A0E8-6E6DA7E557F0}
		{4129C255-D929-4A6A-B96B-7FE03B8AD1E0} = {4129C255-D929-4A6A-B96B-7FE03B8AD1E0}
		{1DB1E260-1955-4146-AA90-376225EA5F68} = {1DB1E260-1955-4146-AA90-376225EA5F68}
		{D5C93A8C-C343-4981-8F0E-B229B8BC638D} = {D5C93A8C-C343-4981-8F0E-B229B8BC638D}
		{2987FCA1-D667-423C-9FA7-DA3A121DCDA9} = {2987FCA1-D667-423C-9FA7-DA3A121DCDA9}
		{34673CED-1D13-4B87-804D-72B5BEDA0837} = {34673CED-1D13-4B87-804D-72B5BEDA0837}
	EndProjectSection
EndProject
Project("{FAE04EC0-301F-11D3-BF4B-00C04F79EFBC}") = "NFSe.Comm", "NFSe.Comm\NFSe.Comm.csproj", "{4129C255-D929-4A6A-B96B-7FE03B8AD1E0}"
	ProjectSection(ProjectDependencies) = postProject
		{BE297334-4E6F-44ED-A0E8-6E6DA7E557F0} = {BE297334-4E6F-44ED-A0E8-6E6DA7E557F0}
		{D5C93A8C-C343-4981-8F0E-B229B8BC638D} = {D5C93A8C-C343-4981-8F0E-B229B8BC638D}
	EndProjectSection
EndProject
Project("{FAE04EC0-301F-11D3-BF4B-00C04F79EFBC}") = "Gestao.PayE", "servidor\objeto de neg�cio\Gestao.PayE\Gestao.PayE.csproj", "{655695B7-5CDF-47B6-B7AE-C10DFF6528AD}"
EndProject
Project("{2150E333-8FDC-42A3-9474-1A3956D46DE8}") = "servidor", "servidor", "{60E9AB07-375D-EBFC-34B4-6824E664EA23}"
EndProject
Project("{2150E333-8FDC-42A3-9474-1A3956D46DE8}") = "framework", "framework", "{B4759FCB-1D5E-8C2B-B501-752C1D3F75DF}"
EndProject
Project("{FAE04EC0-301F-11D3-BF4B-00C04F79EFBC}") = "Servidor.Strangler", "servidor\framework\Servidor.Strangler\Servidor.Strangler.csproj", "{4CE8F3B0-8F3B-4E8F-8F3B-4CE8F3B08F3B}"
EndProject
Global
	GlobalSection(SolutionConfigurationPlatforms) = preSolution
		Debug|Any CPU = Debug|Any CPU
		Debug|x64 = Debug|x64
		Debug|x86 = Debug|x86
		Release|Any CPU = Release|Any CPU
		Release|x64 = Release|x64
		Release|x86 = Release|x86
	EndGlobalSection
	GlobalSection(ProjectConfigurationPlatforms) = postSolution
		{BCF65CF9-31FB-4AFB-92EE-0251FC46491D}.Debug|Any CPU.ActiveCfg = Debug|Any CPU
		{BCF65CF9-31FB-4AFB-92EE-0251FC46491D}.Debug|Any CPU.Build.0 = Debug|Any CPU
		{BCF65CF9-31FB-4AFB-92EE-0251FC46491D}.Debug|x64.ActiveCfg = Debug|x64
		{BCF65CF9-31FB-4AFB-92EE-0251FC46491D}.Debug|x64.Build.0 = Debug|x64
		{BCF65CF9-31FB-4AFB-92EE-0251FC46491D}.Debug|x86.ActiveCfg = Debug|x86
		{BCF65CF9-31FB-4AFB-92EE-0251FC46491D}.Debug|x86.Build.0 = Debug|x86
		{BCF65CF9-31FB-4AFB-92EE-0251FC46491D}.Release|Any CPU.ActiveCfg = Release|Any CPU
		{BCF65CF9-31FB-4AFB-92EE-0251FC46491D}.Release|Any CPU.Build.0 = Release|Any CPU
		{BCF65CF9-31FB-4AFB-92EE-0251FC46491D}.Release|x64.ActiveCfg = Release|x64
		{BCF65CF9-31FB-4AFB-92EE-0251FC46491D}.Release|x64.Build.0 = Release|x64
		{BCF65CF9-31FB-4AFB-92EE-0251FC46491D}.Release|x86.ActiveCfg = Release|x86
		{BCF65CF9-31FB-4AFB-92EE-0251FC46491D}.Release|x86.Build.0 = Release|x86
		{43EBF0B1-E01E-439D-A0A7-BB76006099E2}.Debug|Any CPU.ActiveCfg = Debug|Any CPU
		{43EBF0B1-E01E-439D-A0A7-BB76006099E2}.Debug|Any CPU.Build.0 = Debug|Any CPU
		{43EBF0B1-E01E-439D-A0A7-BB76006099E2}.Debug|x64.ActiveCfg = Debug|x64
		{43EBF0B1-E01E-439D-A0A7-BB76006099E2}.Debug|x64.Build.0 = Debug|x64
		{43EBF0B1-E01E-439D-A0A7-BB76006099E2}.Debug|x86.ActiveCfg = Debug|x86
		{43EBF0B1-E01E-439D-A0A7-BB76006099E2}.Debug|x86.Build.0 = Debug|x86
		{43EBF0B1-E01E-439D-A0A7-BB76006099E2}.Release|Any CPU.ActiveCfg = Release|Any CPU
		{43EBF0B1-E01E-439D-A0A7-BB76006099E2}.Release|Any CPU.Build.0 = Release|Any CPU
		{43EBF0B1-E01E-439D-A0A7-BB76006099E2}.Release|x64.ActiveCfg = Release|x64
		{43EBF0B1-E01E-439D-A0A7-BB76006099E2}.Release|x64.Build.0 = Release|x64
		{43EBF0B1-E01E-439D-A0A7-BB76006099E2}.Release|x86.ActiveCfg = Release|x86
		{43EBF0B1-E01E-439D-A0A7-BB76006099E2}.Release|x86.Build.0 = Release|x86
		{1DB1E260-1955-4146-AA90-376225EA5F68}.Debug|Any CPU.ActiveCfg = Debug|Any CPU
		{1DB1E260-1955-4146-AA90-376225EA5F68}.Debug|Any CPU.Build.0 = Debug|Any CPU
		{1DB1E260-1955-4146-AA90-376225EA5F68}.Debug|x64.ActiveCfg = Debug|x64
		{1DB1E260-1955-4146-AA90-376225EA5F68}.Debug|x64.Build.0 = Debug|x64
		{1DB1E260-1955-4146-AA90-376225EA5F68}.Debug|x86.ActiveCfg = Debug|x86
		{1DB1E260-1955-4146-AA90-376225EA5F68}.Debug|x86.Build.0 = Debug|x86
		{1DB1E260-1955-4146-AA90-376225EA5F68}.Release|Any CPU.ActiveCfg = Release|Any CPU
		{1DB1E260-1955-4146-AA90-376225EA5F68}.Release|Any CPU.Build.0 = Release|Any CPU
		{1DB1E260-1955-4146-AA90-376225EA5F68}.Release|x64.ActiveCfg = Release|x64
		{1DB1E260-1955-4146-AA90-376225EA5F68}.Release|x64.Build.0 = Release|x64
		{1DB1E260-1955-4146-AA90-376225EA5F68}.Release|x86.ActiveCfg = Release|x86
		{1DB1E260-1955-4146-AA90-376225EA5F68}.Release|x86.Build.0 = Release|x86
		{BE297334-4E6F-44ED-A0E8-6E6DA7E557F0}.Debug|Any CPU.ActiveCfg = Debug|Any CPU
		{BE297334-4E6F-44ED-A0E8-6E6DA7E557F0}.Debug|Any CPU.Build.0 = Debug|Any CPU
		{BE297334-4E6F-44ED-A0E8-6E6DA7E557F0}.Debug|x64.ActiveCfg = Debug|x64
		{BE297334-4E6F-44ED-A0E8-6E6DA7E557F0}.Debug|x64.Build.0 = Debug|x64
		{BE297334-4E6F-44ED-A0E8-6E6DA7E557F0}.Debug|x86.ActiveCfg = Debug|x86
		{BE297334-4E6F-44ED-A0E8-6E6DA7E557F0}.Debug|x86.Build.0 = Debug|x86
		{BE297334-4E6F-44ED-A0E8-6E6DA7E557F0}.Release|Any CPU.ActiveCfg = Release|Any CPU
		{BE297334-4E6F-44ED-A0E8-6E6DA7E557F0}.Release|Any CPU.Build.0 = Release|Any CPU
		{BE297334-4E6F-44ED-A0E8-6E6DA7E557F0}.Release|x64.ActiveCfg = Release|x64
		{BE297334-4E6F-44ED-A0E8-6E6DA7E557F0}.Release|x64.Build.0 = Release|x64
		{BE297334-4E6F-44ED-A0E8-6E6DA7E557F0}.Release|x86.ActiveCfg = Release|x86
		{BE297334-4E6F-44ED-A0E8-6E6DA7E557F0}.Release|x86.Build.0 = Release|x86
		{3E18ABE7-5787-4B3A-B932-5DD30EFA119C}.Debug|Any CPU.ActiveCfg = Debug|Any CPU
		{3E18ABE7-5787-4B3A-B932-5DD30EFA119C}.Debug|Any CPU.Build.0 = Debug|Any CPU
		{3E18ABE7-5787-4B3A-B932-5DD30EFA119C}.Debug|x64.ActiveCfg = Debug|x64
		{3E18ABE7-5787-4B3A-B932-5DD30EFA119C}.Debug|x64.Build.0 = Debug|x64
		{3E18ABE7-5787-4B3A-B932-5DD30EFA119C}.Debug|x86.ActiveCfg = Debug|x86
		{3E18ABE7-5787-4B3A-B932-5DD30EFA119C}.Debug|x86.Build.0 = Debug|x86
		{3E18ABE7-5787-4B3A-B932-5DD30EFA119C}.Release|Any CPU.ActiveCfg = Release|Any CPU
		{3E18ABE7-5787-4B3A-B932-5DD30EFA119C}.Release|Any CPU.Build.0 = Release|Any CPU
		{3E18ABE7-5787-4B3A-B932-5DD30EFA119C}.Release|x64.ActiveCfg = Release|x64
		{3E18ABE7-5787-4B3A-B932-5DD30EFA119C}.Release|x64.Build.0 = Release|x64
		{3E18ABE7-5787-4B3A-B932-5DD30EFA119C}.Release|x86.ActiveCfg = Release|x86
		{3E18ABE7-5787-4B3A-B932-5DD30EFA119C}.Release|x86.Build.0 = Release|x86
		{FEDF216E-5B53-41B4-A71D-11C8018BA814}.Debug|Any CPU.ActiveCfg = Debug|Any CPU
		{FEDF216E-5B53-41B4-A71D-11C8018BA814}.Debug|Any CPU.Build.0 = Debug|Any CPU
		{FEDF216E-5B53-41B4-A71D-11C8018BA814}.Debug|x64.ActiveCfg = Debug|x64
		{FEDF216E-5B53-41B4-A71D-11C8018BA814}.Debug|x64.Build.0 = Debug|x64
		{FEDF216E-5B53-41B4-A71D-11C8018BA814}.Debug|x86.ActiveCfg = Debug|x86
		{FEDF216E-5B53-41B4-A71D-11C8018BA814}.Debug|x86.Build.0 = Debug|x86
		{FEDF216E-5B53-41B4-A71D-11C8018BA814}.Release|Any CPU.ActiveCfg = Release|Any CPU
		{FEDF216E-5B53-41B4-A71D-11C8018BA814}.Release|Any CPU.Build.0 = Release|Any CPU
		{FEDF216E-5B53-41B4-A71D-11C8018BA814}.Release|x64.ActiveCfg = Release|x64
		{FEDF216E-5B53-41B4-A71D-11C8018BA814}.Release|x64.Build.0 = Release|x64
		{FEDF216E-5B53-41B4-A71D-11C8018BA814}.Release|x86.ActiveCfg = Release|x86
		{FEDF216E-5B53-41B4-A71D-11C8018BA814}.Release|x86.Build.0 = Release|x86
		{6E55B480-DF00-40FB-BFEF-84901A4C0BA1}.Debug|Any CPU.ActiveCfg = Debug|Any CPU
		{6E55B480-DF00-40FB-BFEF-84901A4C0BA1}.Debug|Any CPU.Build.0 = Debug|Any CPU
		{6E55B480-DF00-40FB-BFEF-84901A4C0BA1}.Debug|x64.ActiveCfg = Debug|x64
		{6E55B480-DF00-40FB-BFEF-84901A4C0BA1}.Debug|x64.Build.0 = Debug|x64
		{6E55B480-DF00-40FB-BFEF-84901A4C0BA1}.Debug|x86.ActiveCfg = Debug|x86
		{6E55B480-DF00-40FB-BFEF-84901A4C0BA1}.Debug|x86.Build.0 = Debug|x86
		{6E55B480-DF00-40FB-BFEF-84901A4C0BA1}.Release|Any CPU.ActiveCfg = Release|Any CPU
		{6E55B480-DF00-40FB-BFEF-84901A4C0BA1}.Release|Any CPU.Build.0 = Release|Any CPU
		{6E55B480-DF00-40FB-BFEF-84901A4C0BA1}.Release|x64.ActiveCfg = Release|x64
		{6E55B480-DF00-40FB-BFEF-84901A4C0BA1}.Release|x64.Build.0 = Release|x64
		{6E55B480-DF00-40FB-BFEF-84901A4C0BA1}.Release|x86.ActiveCfg = Release|x86
		{6E55B480-DF00-40FB-BFEF-84901A4C0BA1}.Release|x86.Build.0 = Release|x86
		{E94B6E8C-BEB4-4DF3-882C-E492C4A1DD28}.Debug|Any CPU.ActiveCfg = Debug|Any CPU
		{E94B6E8C-BEB4-4DF3-882C-E492C4A1DD28}.Debug|Any CPU.Build.0 = Debug|Any CPU
		{E94B6E8C-BEB4-4DF3-882C-E492C4A1DD28}.Debug|x64.ActiveCfg = Debug|x64
		{E94B6E8C-BEB4-4DF3-882C-E492C4A1DD28}.Debug|x64.Build.0 = Debug|x64
		{E94B6E8C-BEB4-4DF3-882C-E492C4A1DD28}.Debug|x86.ActiveCfg = Debug|x86
		{E94B6E8C-BEB4-4DF3-882C-E492C4A1DD28}.Debug|x86.Build.0 = Debug|x86
		{E94B6E8C-BEB4-4DF3-882C-E492C4A1DD28}.Release|Any CPU.ActiveCfg = Release|Any CPU
		{E94B6E8C-BEB4-4DF3-882C-E492C4A1DD28}.Release|Any CPU.Build.0 = Release|Any CPU
		{E94B6E8C-BEB4-4DF3-882C-E492C4A1DD28}.Release|x64.ActiveCfg = Release|x64
		{E94B6E8C-BEB4-4DF3-882C-E492C4A1DD28}.Release|x64.Build.0 = Release|x64
		{E94B6E8C-BEB4-4DF3-882C-E492C4A1DD28}.Release|x86.ActiveCfg = Release|x86
		{E94B6E8C-BEB4-4DF3-882C-E492C4A1DD28}.Release|x86.Build.0 = Release|x86
		{6FD42805-BA3A-4727-B94B-D663539A6209}.Debug|Any CPU.ActiveCfg = Debug|Any CPU
		{6FD42805-BA3A-4727-B94B-D663539A6209}.Debug|Any CPU.Build.0 = Debug|Any CPU
		{6FD42805-BA3A-4727-B94B-D663539A6209}.Debug|x64.ActiveCfg = Debug|x64
		{6FD42805-BA3A-4727-B94B-D663539A6209}.Debug|x64.Build.0 = Debug|x64
		{6FD42805-BA3A-4727-B94B-D663539A6209}.Debug|x86.ActiveCfg = Debug|x86
		{6FD42805-BA3A-4727-B94B-D663539A6209}.Debug|x86.Build.0 = Debug|x86
		{6FD42805-BA3A-4727-B94B-D663539A6209}.Release|Any CPU.ActiveCfg = Release|Any CPU
		{6FD42805-BA3A-4727-B94B-D663539A6209}.Release|Any CPU.Build.0 = Release|Any CPU
		{6FD42805-BA3A-4727-B94B-D663539A6209}.Release|x64.ActiveCfg = Release|x64
		{6FD42805-BA3A-4727-B94B-D663539A6209}.Release|x64.Build.0 = Release|x64
		{6FD42805-BA3A-4727-B94B-D663539A6209}.Release|x86.ActiveCfg = Release|x86
		{6FD42805-BA3A-4727-B94B-D663539A6209}.Release|x86.Build.0 = Release|x86
		{7D91CF8E-8926-440D-9C1C-6D223BC5E3E1}.Debug|Any CPU.ActiveCfg = Debug|Any CPU
		{7D91CF8E-8926-440D-9C1C-6D223BC5E3E1}.Debug|Any CPU.Build.0 = Debug|Any CPU
		{7D91CF8E-8926-440D-9C1C-6D223BC5E3E1}.Debug|x64.ActiveCfg = Debug|x64
		{7D91CF8E-8926-440D-9C1C-6D223BC5E3E1}.Debug|x64.Build.0 = Debug|x64
		{7D91CF8E-8926-440D-9C1C-6D223BC5E3E1}.Debug|x86.ActiveCfg = Debug|x86
		{7D91CF8E-8926-440D-9C1C-6D223BC5E3E1}.Debug|x86.Build.0 = Debug|x86
		{7D91CF8E-8926-440D-9C1C-6D223BC5E3E1}.Release|Any CPU.ActiveCfg = Release|Any CPU
		{7D91CF8E-8926-440D-9C1C-6D223BC5E3E1}.Release|Any CPU.Build.0 = Release|Any CPU
		{7D91CF8E-8926-440D-9C1C-6D223BC5E3E1}.Release|x64.ActiveCfg = Release|x64
		{7D91CF8E-8926-440D-9C1C-6D223BC5E3E1}.Release|x64.Build.0 = Release|x64
		{7D91CF8E-8926-440D-9C1C-6D223BC5E3E1}.Release|x86.ActiveCfg = Release|x86
		{7D91CF8E-8926-440D-9C1C-6D223BC5E3E1}.Release|x86.Build.0 = Release|x86
		{8B7C446A-15CB-484D-8938-E4505A3DB222}.Debug|Any CPU.ActiveCfg = Debug|Any CPU
		{8B7C446A-15CB-484D-8938-E4505A3DB222}.Debug|Any CPU.Build.0 = Debug|Any CPU
		{8B7C446A-15CB-484D-8938-E4505A3DB222}.Debug|x64.ActiveCfg = Debug|x64
		{8B7C446A-15CB-484D-8938-E4505A3DB222}.Debug|x64.Build.0 = Debug|x64
		{8B7C446A-15CB-484D-8938-E4505A3DB222}.Debug|x86.ActiveCfg = Debug|x86
		{8B7C446A-15CB-484D-8938-E4505A3DB222}.Debug|x86.Build.0 = Debug|x86
		{8B7C446A-15CB-484D-8938-E4505A3DB222}.Release|Any CPU.ActiveCfg = Release|Any CPU
		{8B7C446A-15CB-484D-8938-E4505A3DB222}.Release|Any CPU.Build.0 = Release|Any CPU
		{8B7C446A-15CB-484D-8938-E4505A3DB222}.Release|x64.ActiveCfg = Release|x64
		{8B7C446A-15CB-484D-8938-E4505A3DB222}.Release|x64.Build.0 = Release|x64
		{8B7C446A-15CB-484D-8938-E4505A3DB222}.Release|x86.ActiveCfg = Release|x86
		{8B7C446A-15CB-484D-8938-E4505A3DB222}.Release|x86.Build.0 = Release|x86
		{F5848418-C7A2-4CBA-9C25-8AC7F9422344}.Debug|Any CPU.ActiveCfg = Debug|Any CPU
		{F5848418-C7A2-4CBA-9C25-8AC7F9422344}.Debug|Any CPU.Build.0 = Debug|Any CPU
		{F5848418-C7A2-4CBA-9C25-8AC7F9422344}.Debug|x64.ActiveCfg = Debug|x64
		{F5848418-C7A2-4CBA-9C25-8AC7F9422344}.Debug|x64.Build.0 = Debug|x64
		{F5848418-C7A2-4CBA-9C25-8AC7F9422344}.Debug|x86.ActiveCfg = Debug|x86
		{F5848418-C7A2-4CBA-9C25-8AC7F9422344}.Debug|x86.Build.0 = Debug|x86
		{F5848418-C7A2-4CBA-9C25-8AC7F9422344}.Release|Any CPU.ActiveCfg = Release|Any CPU
		{F5848418-C7A2-4CBA-9C25-8AC7F9422344}.Release|Any CPU.Build.0 = Release|Any CPU
		{F5848418-C7A2-4CBA-9C25-8AC7F9422344}.Release|x64.ActiveCfg = Release|x64
		{F5848418-C7A2-4CBA-9C25-8AC7F9422344}.Release|x64.Build.0 = Release|x64
		{F5848418-C7A2-4CBA-9C25-8AC7F9422344}.Release|x86.ActiveCfg = Release|x86
		{F5848418-C7A2-4CBA-9C25-8AC7F9422344}.Release|x86.Build.0 = Release|x86
		{19216905-3BB6-4462-8076-34340F858AE8}.Debug|Any CPU.ActiveCfg = Debug|Any CPU
		{19216905-3BB6-4462-8076-34340F858AE8}.Debug|Any CPU.Build.0 = Debug|Any CPU
		{19216905-3BB6-4462-8076-34340F858AE8}.Debug|x64.ActiveCfg = Debug|x64
		{19216905-3BB6-4462-8076-34340F858AE8}.Debug|x64.Build.0 = Debug|x64
		{19216905-3BB6-4462-8076-34340F858AE8}.Debug|x86.ActiveCfg = Debug|x86
		{19216905-3BB6-4462-8076-34340F858AE8}.Debug|x86.Build.0 = Debug|x86
		{19216905-3BB6-4462-8076-34340F858AE8}.Release|Any CPU.ActiveCfg = Release|Any CPU
		{19216905-3BB6-4462-8076-34340F858AE8}.Release|Any CPU.Build.0 = Release|Any CPU
		{19216905-3BB6-4462-8076-34340F858AE8}.Release|x64.ActiveCfg = Release|x64
		{19216905-3BB6-4462-8076-34340F858AE8}.Release|x64.Build.0 = Release|x64
		{19216905-3BB6-4462-8076-34340F858AE8}.Release|x86.ActiveCfg = Release|x86
		{19216905-3BB6-4462-8076-34340F858AE8}.Release|x86.Build.0 = Release|x86
		{9C2FC824-1D0D-44F8-BBC8-2464227DF61A}.Debug|Any CPU.ActiveCfg = Debug|Any CPU
		{9C2FC824-1D0D-44F8-BBC8-2464227DF61A}.Debug|Any CPU.Build.0 = Debug|Any CPU
		{9C2FC824-1D0D-44F8-BBC8-2464227DF61A}.Debug|x64.ActiveCfg = Debug|x64
		{9C2FC824-1D0D-44F8-BBC8-2464227DF61A}.Debug|x64.Build.0 = Debug|x64
		{9C2FC824-1D0D-44F8-BBC8-2464227DF61A}.Debug|x86.ActiveCfg = Debug|x86
		{9C2FC824-1D0D-44F8-BBC8-2464227DF61A}.Debug|x86.Build.0 = Debug|x86
		{9C2FC824-1D0D-44F8-BBC8-2464227DF61A}.Release|Any CPU.ActiveCfg = Release|Any CPU
		{9C2FC824-1D0D-44F8-BBC8-2464227DF61A}.Release|Any CPU.Build.0 = Release|Any CPU
		{9C2FC824-1D0D-44F8-BBC8-2464227DF61A}.Release|x64.ActiveCfg = Release|x64
		{9C2FC824-1D0D-44F8-BBC8-2464227DF61A}.Release|x64.Build.0 = Release|x64
		{9C2FC824-1D0D-44F8-BBC8-2464227DF61A}.Release|x86.ActiveCfg = Release|x86
		{9C2FC824-1D0D-44F8-BBC8-2464227DF61A}.Release|x86.Build.0 = Release|x86
		{2987FCA1-D667-423C-9FA7-DA3A121DCDA9}.Debug|Any CPU.ActiveCfg = Debug|Any CPU
		{2987FCA1-D667-423C-9FA7-DA3A121DCDA9}.Debug|Any CPU.Build.0 = Debug|Any CPU
		{2987FCA1-D667-423C-9FA7-DA3A121DCDA9}.Debug|x64.ActiveCfg = Debug|x64
		{2987FCA1-D667-423C-9FA7-DA3A121DCDA9}.Debug|x64.Build.0 = Debug|x64
		{2987FCA1-D667-423C-9FA7-DA3A121DCDA9}.Debug|x86.ActiveCfg = Debug|x86
		{2987FCA1-D667-423C-9FA7-DA3A121DCDA9}.Debug|x86.Build.0 = Debug|x86
		{2987FCA1-D667-423C-9FA7-DA3A121DCDA9}.Release|Any CPU.ActiveCfg = Release|Any CPU
		{2987FCA1-D667-423C-9FA7-DA3A121DCDA9}.Release|Any CPU.Build.0 = Release|Any CPU
		{2987FCA1-D667-423C-9FA7-DA3A121DCDA9}.Release|x64.ActiveCfg = Release|x64
		{2987FCA1-D667-423C-9FA7-DA3A121DCDA9}.Release|x64.Build.0 = Release|x64
		{2987FCA1-D667-423C-9FA7-DA3A121DCDA9}.Release|x86.ActiveCfg = Release|x86
		{2987FCA1-D667-423C-9FA7-DA3A121DCDA9}.Release|x86.Build.0 = Release|x86
		{E52DAAD3-2BED-4FBF-AEAB-E1944C5C6BF7}.Debug|Any CPU.ActiveCfg = Debug|Any CPU
		{E52DAAD3-2BED-4FBF-AEAB-E1944C5C6BF7}.Debug|Any CPU.Build.0 = Debug|Any CPU
		{E52DAAD3-2BED-4FBF-AEAB-E1944C5C6BF7}.Debug|x64.ActiveCfg = Debug|x64
		{E52DAAD3-2BED-4FBF-AEAB-E1944C5C6BF7}.Debug|x64.Build.0 = Debug|x64
		{E52DAAD3-2BED-4FBF-AEAB-E1944C5C6BF7}.Debug|x86.ActiveCfg = Debug|x86
		{E52DAAD3-2BED-4FBF-AEAB-E1944C5C6BF7}.Debug|x86.Build.0 = Debug|x86
		{E52DAAD3-2BED-4FBF-AEAB-E1944C5C6BF7}.Release|Any CPU.ActiveCfg = Release|Any CPU
		{E52DAAD3-2BED-4FBF-AEAB-E1944C5C6BF7}.Release|Any CPU.Build.0 = Release|Any CPU
		{E52DAAD3-2BED-4FBF-AEAB-E1944C5C6BF7}.Release|x64.ActiveCfg = Release|x64
		{E52DAAD3-2BED-4FBF-AEAB-E1944C5C6BF7}.Release|x64.Build.0 = Release|x64
		{E52DAAD3-2BED-4FBF-AEAB-E1944C5C6BF7}.Release|x86.ActiveCfg = Release|x86
		{E52DAAD3-2BED-4FBF-AEAB-E1944C5C6BF7}.Release|x86.Build.0 = Release|x86
		{0BC4BE5B-153C-458C-840B-49033B045C02}.Debug|Any CPU.ActiveCfg = Debug|Any CPU
		{0BC4BE5B-153C-458C-840B-49033B045C02}.Debug|Any CPU.Build.0 = Debug|Any CPU
		{0BC4BE5B-153C-458C-840B-49033B045C02}.Debug|x64.ActiveCfg = Debug|x64
		{0BC4BE5B-153C-458C-840B-49033B045C02}.Debug|x64.Build.0 = Debug|x64
		{0BC4BE5B-153C-458C-840B-49033B045C02}.Debug|x86.ActiveCfg = Debug|x86
		{0BC4BE5B-153C-458C-840B-49033B045C02}.Debug|x86.Build.0 = Debug|x86
		{0BC4BE5B-153C-458C-840B-49033B045C02}.Release|Any CPU.ActiveCfg = Release|Any CPU
		{0BC4BE5B-153C-458C-840B-49033B045C02}.Release|Any CPU.Build.0 = Release|Any CPU
		{0BC4BE5B-153C-458C-840B-49033B045C02}.Release|x64.ActiveCfg = Release|x64
		{0BC4BE5B-153C-458C-840B-49033B045C02}.Release|x64.Build.0 = Release|x64
		{0BC4BE5B-153C-458C-840B-49033B045C02}.Release|x86.ActiveCfg = Release|x86
		{0BC4BE5B-153C-458C-840B-49033B045C02}.Release|x86.Build.0 = Release|x86
		{406DE044-4924-4EB6-B42A-57BEEDDB399B}.Debug|Any CPU.ActiveCfg = Debug|Any CPU
		{406DE044-4924-4EB6-B42A-57BEEDDB399B}.Debug|Any CPU.Build.0 = Debug|Any CPU
		{406DE044-4924-4EB6-B42A-57BEEDDB399B}.Debug|x64.ActiveCfg = Debug|x64
		{406DE044-4924-4EB6-B42A-57BEEDDB399B}.Debug|x64.Build.0 = Debug|x64
		{406DE044-4924-4EB6-B42A-57BEEDDB399B}.Debug|x86.ActiveCfg = Debug|x86
		{406DE044-4924-4EB6-B42A-57BEEDDB399B}.Debug|x86.Build.0 = Debug|x86
		{406DE044-4924-4EB6-B42A-57BEEDDB399B}.Release|Any CPU.ActiveCfg = Release|Any CPU
		{406DE044-4924-4EB6-B42A-57BEEDDB399B}.Release|Any CPU.Build.0 = Release|Any CPU
		{406DE044-4924-4EB6-B42A-57BEEDDB399B}.Release|x64.ActiveCfg = Release|x64
		{406DE044-4924-4EB6-B42A-57BEEDDB399B}.Release|x64.Build.0 = Release|x64
		{406DE044-4924-4EB6-B42A-57BEEDDB399B}.Release|x86.ActiveCfg = Release|x86
		{406DE044-4924-4EB6-B42A-57BEEDDB399B}.Release|x86.Build.0 = Release|x86
		{3F7C6D60-1FA2-42E1-8E35-5E34209B7698}.Debug|Any CPU.ActiveCfg = Debug|Any CPU
		{3F7C6D60-1FA2-42E1-8E35-5E34209B7698}.Debug|Any CPU.Build.0 = Debug|Any CPU
		{3F7C6D60-1FA2-42E1-8E35-5E34209B7698}.Debug|x64.ActiveCfg = Debug|x64
		{3F7C6D60-1FA2-42E1-8E35-5E34209B7698}.Debug|x64.Build.0 = Debug|x64
		{3F7C6D60-1FA2-42E1-8E35-5E34209B7698}.Debug|x86.ActiveCfg = Debug|x86
		{3F7C6D60-1FA2-42E1-8E35-5E34209B7698}.Debug|x86.Build.0 = Debug|x86
		{3F7C6D60-1FA2-42E1-8E35-5E34209B7698}.Release|Any CPU.ActiveCfg = Release|Any CPU
		{3F7C6D60-1FA2-42E1-8E35-5E34209B7698}.Release|Any CPU.Build.0 = Release|Any CPU
		{3F7C6D60-1FA2-42E1-8E35-5E34209B7698}.Release|x64.ActiveCfg = Release|x64
		{3F7C6D60-1FA2-42E1-8E35-5E34209B7698}.Release|x64.Build.0 = Release|x64
		{3F7C6D60-1FA2-42E1-8E35-5E34209B7698}.Release|x86.ActiveCfg = Release|x86
		{3F7C6D60-1FA2-42E1-8E35-5E34209B7698}.Release|x86.Build.0 = Release|x86
		{C854DCF9-DD49-4E37-B5A0-4BA87BA9F1E9}.Debug|Any CPU.ActiveCfg = Debug|Any CPU
		{C854DCF9-DD49-4E37-B5A0-4BA87BA9F1E9}.Debug|Any CPU.Build.0 = Debug|Any CPU
		{C854DCF9-DD49-4E37-B5A0-4BA87BA9F1E9}.Debug|x64.ActiveCfg = Debug|x64
		{C854DCF9-DD49-4E37-B5A0-4BA87BA9F1E9}.Debug|x64.Build.0 = Debug|x64
		{C854DCF9-DD49-4E37-B5A0-4BA87BA9F1E9}.Debug|x86.ActiveCfg = Debug|x86
		{C854DCF9-DD49-4E37-B5A0-4BA87BA9F1E9}.Debug|x86.Build.0 = Debug|x86
		{C854DCF9-DD49-4E37-B5A0-4BA87BA9F1E9}.Release|Any CPU.ActiveCfg = Release|Any CPU
		{C854DCF9-DD49-4E37-B5A0-4BA87BA9F1E9}.Release|Any CPU.Build.0 = Release|Any CPU
		{C854DCF9-DD49-4E37-B5A0-4BA87BA9F1E9}.Release|x64.ActiveCfg = Release|x64
		{C854DCF9-DD49-4E37-B5A0-4BA87BA9F1E9}.Release|x64.Build.0 = Release|x64
		{C854DCF9-DD49-4E37-B5A0-4BA87BA9F1E9}.Release|x86.ActiveCfg = Release|x86
		{C854DCF9-DD49-4E37-B5A0-4BA87BA9F1E9}.Release|x86.Build.0 = Release|x86
		{30D4BD84-0FB0-482E-8FDE-7064C46A15DC}.Debug|Any CPU.ActiveCfg = Debug|Any CPU
		{30D4BD84-0FB0-482E-8FDE-7064C46A15DC}.Debug|Any CPU.Build.0 = Debug|Any CPU
		{30D4BD84-0FB0-482E-8FDE-7064C46A15DC}.Debug|x64.ActiveCfg = Debug|x64
		{30D4BD84-0FB0-482E-8FDE-7064C46A15DC}.Debug|x64.Build.0 = Debug|x64
		{30D4BD84-0FB0-482E-8FDE-7064C46A15DC}.Debug|x86.ActiveCfg = Debug|x86
		{30D4BD84-0FB0-482E-8FDE-7064C46A15DC}.Debug|x86.Build.0 = Debug|x86
		{30D4BD84-0FB0-482E-8FDE-7064C46A15DC}.Release|Any CPU.ActiveCfg = Release|Any CPU
		{30D4BD84-0FB0-482E-8FDE-7064C46A15DC}.Release|Any CPU.Build.0 = Release|Any CPU
		{30D4BD84-0FB0-482E-8FDE-7064C46A15DC}.Release|x64.ActiveCfg = Release|x64
		{30D4BD84-0FB0-482E-8FDE-7064C46A15DC}.Release|x64.Build.0 = Release|x64
		{30D4BD84-0FB0-482E-8FDE-7064C46A15DC}.Release|x86.ActiveCfg = Release|x86
		{30D4BD84-0FB0-482E-8FDE-7064C46A15DC}.Release|x86.Build.0 = Release|x86
		{B1ED98BF-5663-44C9-B22E-0C5F82828EF0}.Debug|Any CPU.ActiveCfg = Debug|Any CPU
		{B1ED98BF-5663-44C9-B22E-0C5F82828EF0}.Debug|Any CPU.Build.0 = Debug|Any CPU
		{B1ED98BF-5663-44C9-B22E-0C5F82828EF0}.Debug|x64.ActiveCfg = Debug|x64
		{B1ED98BF-5663-44C9-B22E-0C5F82828EF0}.Debug|x64.Build.0 = Debug|x64
		{B1ED98BF-5663-44C9-B22E-0C5F82828EF0}.Debug|x86.ActiveCfg = Debug|x86
		{B1ED98BF-5663-44C9-B22E-0C5F82828EF0}.Debug|x86.Build.0 = Debug|x86
		{B1ED98BF-5663-44C9-B22E-0C5F82828EF0}.Release|Any CPU.ActiveCfg = Release|Any CPU
		{B1ED98BF-5663-44C9-B22E-0C5F82828EF0}.Release|Any CPU.Build.0 = Release|Any CPU
		{B1ED98BF-5663-44C9-B22E-0C5F82828EF0}.Release|x64.ActiveCfg = Release|x64
		{B1ED98BF-5663-44C9-B22E-0C5F82828EF0}.Release|x64.Build.0 = Release|x64
		{B1ED98BF-5663-44C9-B22E-0C5F82828EF0}.Release|x86.ActiveCfg = Release|x86
		{B1ED98BF-5663-44C9-B22E-0C5F82828EF0}.Release|x86.Build.0 = Release|x86
		{3069F577-EA27-4908-A141-DF965717777C}.Debug|Any CPU.ActiveCfg = Debug|Any CPU
		{3069F577-EA27-4908-A141-DF965717777C}.Debug|Any CPU.Build.0 = Debug|Any CPU
		{3069F577-EA27-4908-A141-DF965717777C}.Debug|x64.ActiveCfg = Debug|x64
		{3069F577-EA27-4908-A141-DF965717777C}.Debug|x64.Build.0 = Debug|x64
		{3069F577-EA27-4908-A141-DF965717777C}.Debug|x86.ActiveCfg = Debug|x86
		{3069F577-EA27-4908-A141-DF965717777C}.Debug|x86.Build.0 = Debug|x86
		{3069F577-EA27-4908-A141-DF965717777C}.Release|Any CPU.ActiveCfg = Release|Any CPU
		{3069F577-EA27-4908-A141-DF965717777C}.Release|Any CPU.Build.0 = Release|Any CPU
		{3069F577-EA27-4908-A141-DF965717777C}.Release|x64.ActiveCfg = Release|x64
		{3069F577-EA27-4908-A141-DF965717777C}.Release|x64.Build.0 = Release|x64
		{3069F577-EA27-4908-A141-DF965717777C}.Release|x86.ActiveCfg = Release|x86
		{3069F577-EA27-4908-A141-DF965717777C}.Release|x86.Build.0 = Release|x86
		{267C91DB-6EAA-4940-8878-29CC694E65F5}.Debug|Any CPU.ActiveCfg = Debug|Any CPU
		{267C91DB-6EAA-4940-8878-29CC694E65F5}.Debug|Any CPU.Build.0 = Debug|Any CPU
		{267C91DB-6EAA-4940-8878-29CC694E65F5}.Debug|x64.ActiveCfg = Debug|x64
		{267C91DB-6EAA-4940-8878-29CC694E65F5}.Debug|x64.Build.0 = Debug|x64
		{267C91DB-6EAA-4940-8878-29CC694E65F5}.Debug|x86.ActiveCfg = Debug|x86
		{267C91DB-6EAA-4940-8878-29CC694E65F5}.Debug|x86.Build.0 = Debug|x86
		{267C91DB-6EAA-4940-8878-29CC694E65F5}.Release|Any CPU.ActiveCfg = Release|Any CPU
		{267C91DB-6EAA-4940-8878-29CC694E65F5}.Release|Any CPU.Build.0 = Release|Any CPU
		{267C91DB-6EAA-4940-8878-29CC694E65F5}.Release|x64.ActiveCfg = Release|x64
		{267C91DB-6EAA-4940-8878-29CC694E65F5}.Release|x64.Build.0 = Release|x64
		{267C91DB-6EAA-4940-8878-29CC694E65F5}.Release|x86.ActiveCfg = Release|x86
		{267C91DB-6EAA-4940-8878-29CC694E65F5}.Release|x86.Build.0 = Release|x86
		{A224CA5F-8C89-4AC6-9BCD-7E823030A672}.Debug|Any CPU.ActiveCfg = Debug|Any CPU
		{A224CA5F-8C89-4AC6-9BCD-7E823030A672}.Debug|Any CPU.Build.0 = Debug|Any CPU
		{A224CA5F-8C89-4AC6-9BCD-7E823030A672}.Debug|x64.ActiveCfg = Debug|x64
		{A224CA5F-8C89-4AC6-9BCD-7E823030A672}.Debug|x64.Build.0 = Debug|x64
		{A224CA5F-8C89-4AC6-9BCD-7E823030A672}.Debug|x86.ActiveCfg = Debug|x86
		{A224CA5F-8C89-4AC6-9BCD-7E823030A672}.Debug|x86.Build.0 = Debug|x86
		{A224CA5F-8C89-4AC6-9BCD-7E823030A672}.Release|Any CPU.ActiveCfg = Release|Any CPU
		{A224CA5F-8C89-4AC6-9BCD-7E823030A672}.Release|Any CPU.Build.0 = Release|Any CPU
		{A224CA5F-8C89-4AC6-9BCD-7E823030A672}.Release|x64.ActiveCfg = Release|x64
		{A224CA5F-8C89-4AC6-9BCD-7E823030A672}.Release|x64.Build.0 = Release|x64
		{A224CA5F-8C89-4AC6-9BCD-7E823030A672}.Release|x86.ActiveCfg = Release|x86
		{A224CA5F-8C89-4AC6-9BCD-7E823030A672}.Release|x86.Build.0 = Release|x86
		{7BD822A4-32F3-45D1-9F00-72F0CF33AC5E}.Debug|Any CPU.ActiveCfg = Debug|Any CPU
		{7BD822A4-32F3-45D1-9F00-72F0CF33AC5E}.Debug|Any CPU.Build.0 = Debug|Any CPU
		{7BD822A4-32F3-45D1-9F00-72F0CF33AC5E}.Debug|x64.ActiveCfg = Debug|x64
		{7BD822A4-32F3-45D1-9F00-72F0CF33AC5E}.Debug|x64.Build.0 = Debug|x64
		{7BD822A4-32F3-45D1-9F00-72F0CF33AC5E}.Debug|x86.ActiveCfg = Debug|x86
		{7BD822A4-32F3-45D1-9F00-72F0CF33AC5E}.Debug|x86.Build.0 = Debug|x86
		{7BD822A4-32F3-45D1-9F00-72F0CF33AC5E}.Release|Any CPU.ActiveCfg = Release|Any CPU
		{7BD822A4-32F3-45D1-9F00-72F0CF33AC5E}.Release|Any CPU.Build.0 = Release|Any CPU
		{7BD822A4-32F3-45D1-9F00-72F0CF33AC5E}.Release|x64.ActiveCfg = Release|x64
		{7BD822A4-32F3-45D1-9F00-72F0CF33AC5E}.Release|x64.Build.0 = Release|x64
		{7BD822A4-32F3-45D1-9F00-72F0CF33AC5E}.Release|x86.ActiveCfg = Release|x86
		{7BD822A4-32F3-45D1-9F00-72F0CF33AC5E}.Release|x86.Build.0 = Release|x86
		{D5C93A8C-C343-4981-8F0E-B229B8BC638D}.Debug|Any CPU.ActiveCfg = Debug|Any CPU
		{D5C93A8C-C343-4981-8F0E-B229B8BC638D}.Debug|Any CPU.Build.0 = Debug|Any CPU
		{D5C93A8C-C343-4981-8F0E-B229B8BC638D}.Debug|x64.ActiveCfg = Debug|x64
		{D5C93A8C-C343-4981-8F0E-B229B8BC638D}.Debug|x64.Build.0 = Debug|x64
		{D5C93A8C-C343-4981-8F0E-B229B8BC638D}.Debug|x86.ActiveCfg = Debug|x86
		{D5C93A8C-C343-4981-8F0E-B229B8BC638D}.Debug|x86.Build.0 = Debug|x86
		{D5C93A8C-C343-4981-8F0E-B229B8BC638D}.Release|Any CPU.ActiveCfg = Release|Any CPU
		{D5C93A8C-C343-4981-8F0E-B229B8BC638D}.Release|Any CPU.Build.0 = Release|Any CPU
		{D5C93A8C-C343-4981-8F0E-B229B8BC638D}.Release|x64.ActiveCfg = Release|x64
		{D5C93A8C-C343-4981-8F0E-B229B8BC638D}.Release|x64.Build.0 = Release|x64
		{D5C93A8C-C343-4981-8F0E-B229B8BC638D}.Release|x86.ActiveCfg = Release|x86
		{D5C93A8C-C343-4981-8F0E-B229B8BC638D}.Release|x86.Build.0 = Release|x86
		{5BEEF981-C724-45CB-BDA8-0FA336378A49}.Debug|Any CPU.ActiveCfg = Debug|Any CPU
		{5BEEF981-C724-45CB-BDA8-0FA336378A49}.Debug|Any CPU.Build.0 = Debug|Any CPU
		{5BEEF981-C724-45CB-BDA8-0FA336378A49}.Debug|x64.ActiveCfg = Debug|x64
		{5BEEF981-C724-45CB-BDA8-0FA336378A49}.Debug|x64.Build.0 = Debug|x64
		{5BEEF981-C724-45CB-BDA8-0FA336378A49}.Debug|x86.ActiveCfg = Debug|x86
		{5BEEF981-C724-45CB-BDA8-0FA336378A49}.Debug|x86.Build.0 = Debug|x86
		{5BEEF981-C724-45CB-BDA8-0FA336378A49}.Release|Any CPU.ActiveCfg = Release|Any CPU
		{5BEEF981-C724-45CB-BDA8-0FA336378A49}.Release|Any CPU.Build.0 = Release|Any CPU
		{5BEEF981-C724-45CB-BDA8-0FA336378A49}.Release|x64.ActiveCfg = Release|x64
		{5BEEF981-C724-45CB-BDA8-0FA336378A49}.Release|x64.Build.0 = Release|x64
		{5BEEF981-C724-45CB-BDA8-0FA336378A49}.Release|x86.ActiveCfg = Release|x86
		{5BEEF981-C724-45CB-BDA8-0FA336378A49}.Release|x86.Build.0 = Release|x86
		{14F5FA13-9DB5-4040-98BB-82129E5B0FF9}.Debug|Any CPU.ActiveCfg = Debug|Any CPU
		{14F5FA13-9DB5-4040-98BB-82129E5B0FF9}.Debug|Any CPU.Build.0 = Debug|Any CPU
		{14F5FA13-9DB5-4040-98BB-82129E5B0FF9}.Debug|x64.ActiveCfg = Debug|x64
		{14F5FA13-9DB5-4040-98BB-82129E5B0FF9}.Debug|x64.Build.0 = Debug|x64
		{14F5FA13-9DB5-4040-98BB-82129E5B0FF9}.Debug|x86.ActiveCfg = Debug|x86
		{14F5FA13-9DB5-4040-98BB-82129E5B0FF9}.Debug|x86.Build.0 = Debug|x86
		{14F5FA13-9DB5-4040-98BB-82129E5B0FF9}.Release|Any CPU.ActiveCfg = Release|Any CPU
		{14F5FA13-9DB5-4040-98BB-82129E5B0FF9}.Release|Any CPU.Build.0 = Release|Any CPU
		{14F5FA13-9DB5-4040-98BB-82129E5B0FF9}.Release|x64.ActiveCfg = Release|x64
		{14F5FA13-9DB5-4040-98BB-82129E5B0FF9}.Release|x64.Build.0 = Release|x64
		{14F5FA13-9DB5-4040-98BB-82129E5B0FF9}.Release|x86.ActiveCfg = Release|x86
		{14F5FA13-9DB5-4040-98BB-82129E5B0FF9}.Release|x86.Build.0 = Release|x86
		{7EAB2FA1-F69C-4A07-8740-AC7B9FBB11D2}.Debug|Any CPU.ActiveCfg = Debug|Any CPU
		{7EAB2FA1-F69C-4A07-8740-AC7B9FBB11D2}.Debug|Any CPU.Build.0 = Debug|Any CPU
		{7EAB2FA1-F69C-4A07-8740-AC7B9FBB11D2}.Debug|x64.ActiveCfg = Debug|x64
		{7EAB2FA1-F69C-4A07-8740-AC7B9FBB11D2}.Debug|x64.Build.0 = Debug|x64
		{7EAB2FA1-F69C-4A07-8740-AC7B9FBB11D2}.Debug|x86.ActiveCfg = Debug|x86
		{7EAB2FA1-F69C-4A07-8740-AC7B9FBB11D2}.Debug|x86.Build.0 = Debug|x86
		{7EAB2FA1-F69C-4A07-8740-AC7B9FBB11D2}.Release|Any CPU.ActiveCfg = Release|Any CPU
		{7EAB2FA1-F69C-4A07-8740-AC7B9FBB11D2}.Release|Any CPU.Build.0 = Release|Any CPU
		{7EAB2FA1-F69C-4A07-8740-AC7B9FBB11D2}.Release|x64.ActiveCfg = Release|x64
		{7EAB2FA1-F69C-4A07-8740-AC7B9FBB11D2}.Release|x64.Build.0 = Release|x64
		{7EAB2FA1-F69C-4A07-8740-AC7B9FBB11D2}.Release|x86.ActiveCfg = Release|x86
		{7EAB2FA1-F69C-4A07-8740-AC7B9FBB11D2}.Release|x86.Build.0 = Release|x86
		{BD8A2ABE-35DA-4882-AF94-CDEC031F35BC}.Debug|Any CPU.ActiveCfg = Debug|Any CPU
		{BD8A2ABE-35DA-4882-AF94-CDEC031F35BC}.Debug|Any CPU.Build.0 = Debug|Any CPU
		{BD8A2ABE-35DA-4882-AF94-CDEC031F35BC}.Debug|x64.ActiveCfg = Debug|x64
		{BD8A2ABE-35DA-4882-AF94-CDEC031F35BC}.Debug|x64.Build.0 = Debug|x64
		{BD8A2ABE-35DA-4882-AF94-CDEC031F35BC}.Debug|x86.ActiveCfg = Debug|x86
		{BD8A2ABE-35DA-4882-AF94-CDEC031F35BC}.Debug|x86.Build.0 = Debug|x86
		{BD8A2ABE-35DA-4882-AF94-CDEC031F35BC}.Release|Any CPU.ActiveCfg = Release|Any CPU
		{BD8A2ABE-35DA-4882-AF94-CDEC031F35BC}.Release|Any CPU.Build.0 = Release|Any CPU
		{BD8A2ABE-35DA-4882-AF94-CDEC031F35BC}.Release|x64.ActiveCfg = Release|x64
		{BD8A2ABE-35DA-4882-AF94-CDEC031F35BC}.Release|x64.Build.0 = Release|x64
		{BD8A2ABE-35DA-4882-AF94-CDEC031F35BC}.Release|x86.ActiveCfg = Release|x86
		{BD8A2ABE-35DA-4882-AF94-CDEC031F35BC}.Release|x86.Build.0 = Release|x86
		{E1BE4E74-6811-4302-B47C-CDCCAD1E0DA0}.Debug|Any CPU.ActiveCfg = Debug|Any CPU
		{E1BE4E74-6811-4302-B47C-CDCCAD1E0DA0}.Debug|Any CPU.Build.0 = Debug|Any CPU
		{E1BE4E74-6811-4302-B47C-CDCCAD1E0DA0}.Debug|x64.ActiveCfg = Debug|x64
		{E1BE4E74-6811-4302-B47C-CDCCAD1E0DA0}.Debug|x64.Build.0 = Debug|x64
		{E1BE4E74-6811-4302-B47C-CDCCAD1E0DA0}.Debug|x86.ActiveCfg = Debug|x86
		{E1BE4E74-6811-4302-B47C-CDCCAD1E0DA0}.Debug|x86.Build.0 = Debug|x86
		{E1BE4E74-6811-4302-B47C-CDCCAD1E0DA0}.Release|Any CPU.ActiveCfg = Release|Any CPU
		{E1BE4E74-6811-4302-B47C-CDCCAD1E0DA0}.Release|Any CPU.Build.0 = Release|Any CPU
		{E1BE4E74-6811-4302-B47C-CDCCAD1E0DA0}.Release|x64.ActiveCfg = Release|x64
		{E1BE4E74-6811-4302-B47C-CDCCAD1E0DA0}.Release|x64.Build.0 = Release|x64
		{E1BE4E74-6811-4302-B47C-CDCCAD1E0DA0}.Release|x86.ActiveCfg = Release|x86
		{E1BE4E74-6811-4302-B47C-CDCCAD1E0DA0}.Release|x86.Build.0 = Release|x86
		{EE477872-9649-4104-8254-8E8EF3529C59}.Debug|Any CPU.ActiveCfg = Debug|Any CPU
		{EE477872-9649-4104-8254-8E8EF3529C59}.Debug|Any CPU.Build.0 = Debug|Any CPU
		{EE477872-9649-4104-8254-8E8EF3529C59}.Debug|x64.ActiveCfg = Debug|Any CPU
		{EE477872-9649-4104-8254-8E8EF3529C59}.Debug|x86.ActiveCfg = Debug|Any CPU
		{EE477872-9649-4104-8254-8E8EF3529C59}.Debug|x86.Build.0 = Debug|Any CPU
		{EE477872-9649-4104-8254-8E8EF3529C59}.Release|Any CPU.ActiveCfg = Release|Any CPU
		{EE477872-9649-4104-8254-8E8EF3529C59}.Release|Any CPU.Build.0 = Release|Any CPU
		{EE477872-9649-4104-8254-8E8EF3529C59}.Release|x64.ActiveCfg = Release|Any CPU
		{EE477872-9649-4104-8254-8E8EF3529C59}.Release|x86.ActiveCfg = Release|Any CPU
		{83205DB5-B409-4DC1-ACD4-3C3FCDF4C704}.Debug|Any CPU.ActiveCfg = Debug|Any CPU
		{83205DB5-B409-4DC1-ACD4-3C3FCDF4C704}.Debug|Any CPU.Build.0 = Debug|Any CPU
		{83205DB5-B409-4DC1-ACD4-3C3FCDF4C704}.Debug|x64.ActiveCfg = Debug|Any CPU
		{83205DB5-B409-4DC1-ACD4-3C3FCDF4C704}.Debug|x86.ActiveCfg = Debug|Any CPU
		{83205DB5-B409-4DC1-ACD4-3C3FCDF4C704}.Debug|x86.Build.0 = Debug|Any CPU
		{83205DB5-B409-4DC1-ACD4-3C3FCDF4C704}.Release|Any CPU.ActiveCfg = Release|Any CPU
		{83205DB5-B409-4DC1-ACD4-3C3FCDF4C704}.Release|Any CPU.Build.0 = Release|Any CPU
		{83205DB5-B409-4DC1-ACD4-3C3FCDF4C704}.Release|x64.ActiveCfg = Release|Any CPU
		{83205DB5-B409-4DC1-ACD4-3C3FCDF4C704}.Release|x86.ActiveCfg = Release|Any CPU
		{F8646414-0C9C-49BB-9DA3-3923BF78A398}.Debug|Any CPU.ActiveCfg = Debug|Any CPU
		{F8646414-0C9C-49BB-9DA3-3923BF78A398}.Debug|Any CPU.Build.0 = Debug|Any CPU
		{F8646414-0C9C-49BB-9DA3-3923BF78A398}.Debug|x64.ActiveCfg = Debug|Any CPU
		{F8646414-0C9C-49BB-9DA3-3923BF78A398}.Debug|x86.ActiveCfg = Debug|x86
		{F8646414-0C9C-49BB-9DA3-3923BF78A398}.Debug|x86.Build.0 = Debug|x86
		{F8646414-0C9C-49BB-9DA3-3923BF78A398}.Release|Any CPU.ActiveCfg = Release|Any CPU
		{F8646414-0C9C-49BB-9DA3-3923BF78A398}.Release|Any CPU.Build.0 = Release|Any CPU
		{F8646414-0C9C-49BB-9DA3-3923BF78A398}.Release|x64.ActiveCfg = Release|Any CPU
		{F8646414-0C9C-49BB-9DA3-3923BF78A398}.Release|x86.ActiveCfg = Release|x86
		{F8646414-0C9C-49BB-9DA3-3923BF78A398}.Release|x86.Build.0 = Release|x86
		{F173E80B-E36B-48AD-B483-A27F8CA86F3C}.Debug|Any CPU.ActiveCfg = Debug|Any CPU
		{F173E80B-E36B-48AD-B483-A27F8CA86F3C}.Debug|Any CPU.Build.0 = Debug|Any CPU
		{F173E80B-E36B-48AD-B483-A27F8CA86F3C}.Debug|x64.ActiveCfg = Debug|Any CPU
		{F173E80B-E36B-48AD-B483-A27F8CA86F3C}.Debug|x86.ActiveCfg = Debug|Any CPU
		{F173E80B-E36B-48AD-B483-A27F8CA86F3C}.Debug|x86.Build.0 = Debug|Any CPU
		{F173E80B-E36B-48AD-B483-A27F8CA86F3C}.Release|Any CPU.ActiveCfg = Release|Any CPU
		{F173E80B-E36B-48AD-B483-A27F8CA86F3C}.Release|Any CPU.Build.0 = Release|Any CPU
		{F173E80B-E36B-48AD-B483-A27F8CA86F3C}.Release|x64.ActiveCfg = Release|Any CPU
		{F173E80B-E36B-48AD-B483-A27F8CA86F3C}.Release|x86.ActiveCfg = Release|Any CPU
		{E8DE62A6-F200-4BE2-B92B-0A75AD6AE155}.Debug|Any CPU.ActiveCfg = Debug|Any CPU
		{E8DE62A6-F200-4BE2-B92B-0A75AD6AE155}.Debug|Any CPU.Build.0 = Debug|Any CPU
		{E8DE62A6-F200-4BE2-B92B-0A75AD6AE155}.Debug|x64.ActiveCfg = Debug|Any CPU
		{E8DE62A6-F200-4BE2-B92B-0A75AD6AE155}.Debug|x86.ActiveCfg = Debug|Any CPU
		{E8DE62A6-F200-4BE2-B92B-0A75AD6AE155}.Debug|x86.Build.0 = Debug|Any CPU
		{E8DE62A6-F200-4BE2-B92B-0A75AD6AE155}.Release|Any CPU.ActiveCfg = Release|Any CPU
		{E8DE62A6-F200-4BE2-B92B-0A75AD6AE155}.Release|Any CPU.Build.0 = Release|Any CPU
		{E8DE62A6-F200-4BE2-B92B-0A75AD6AE155}.Release|x64.ActiveCfg = Release|Any CPU
		{E8DE62A6-F200-4BE2-B92B-0A75AD6AE155}.Release|x86.ActiveCfg = Release|Any CPU
		{D9F0A784-7C1C-4E18-BF29-A020DB7F5037}.Debug|Any CPU.ActiveCfg = Debug|Any CPU
		{D9F0A784-7C1C-4E18-BF29-A020DB7F5037}.Debug|Any CPU.Build.0 = Debug|Any CPU
		{D9F0A784-7C1C-4E18-BF29-A020DB7F5037}.Debug|x64.ActiveCfg = Debug|Any CPU
		{D9F0A784-7C1C-4E18-BF29-A020DB7F5037}.Debug|x86.ActiveCfg = Debug|Any CPU
		{D9F0A784-7C1C-4E18-BF29-A020DB7F5037}.Release|Any CPU.ActiveCfg = Release|Any CPU
		{D9F0A784-7C1C-4E18-BF29-A020DB7F5037}.Release|Any CPU.Build.0 = Release|Any CPU
		{D9F0A784-7C1C-4E18-BF29-A020DB7F5037}.Release|x64.ActiveCfg = Release|Any CPU
		{D9F0A784-7C1C-4E18-BF29-A020DB7F5037}.Release|x86.ActiveCfg = Release|Any CPU
		{73B06FB2-20BB-4354-AA14-86C4F784A9AD}.Debug|Any CPU.ActiveCfg = Debug|Any CPU
		{73B06FB2-20BB-4354-AA14-86C4F784A9AD}.Debug|Any CPU.Build.0 = Debug|Any CPU
		{73B06FB2-20BB-4354-AA14-86C4F784A9AD}.Debug|x64.ActiveCfg = Debug|Any CPU
		{73B06FB2-20BB-4354-AA14-86C4F784A9AD}.Debug|x86.ActiveCfg = Debug|Any CPU
		{73B06FB2-20BB-4354-AA14-86C4F784A9AD}.Release|Any CPU.ActiveCfg = Release|Any CPU
		{73B06FB2-20BB-4354-AA14-86C4F784A9AD}.Release|Any CPU.Build.0 = Release|Any CPU
		{73B06FB2-20BB-4354-AA14-86C4F784A9AD}.Release|x64.ActiveCfg = Release|Any CPU
		{73B06FB2-20BB-4354-AA14-86C4F784A9AD}.Release|x86.ActiveCfg = Release|Any CPU
		{F29005B6-8680-4E1B-B144-7FB1C85475FA}.Debug|Any CPU.ActiveCfg = Debug|Any CPU
		{F29005B6-8680-4E1B-B144-7FB1C85475FA}.Debug|Any CPU.Build.0 = Debug|Any CPU
		{F29005B6-8680-4E1B-B144-7FB1C85475FA}.Debug|x64.ActiveCfg = Debug|Any CPU
		{F29005B6-8680-4E1B-B144-7FB1C85475FA}.Debug|x86.ActiveCfg = Debug|Any CPU
		{F29005B6-8680-4E1B-B144-7FB1C85475FA}.Release|Any CPU.ActiveCfg = Release|Any CPU
		{F29005B6-8680-4E1B-B144-7FB1C85475FA}.Release|Any CPU.Build.0 = Release|Any CPU
		{F29005B6-8680-4E1B-B144-7FB1C85475FA}.Release|x64.ActiveCfg = Release|Any CPU
		{F29005B6-8680-4E1B-B144-7FB1C85475FA}.Release|x86.ActiveCfg = Release|Any CPU
		{B4BC06D2-AC68-47E0-80F4-41DB620AE720}.Debug|Any CPU.ActiveCfg = Debug|Any CPU
		{B4BC06D2-AC68-47E0-80F4-41DB620AE720}.Debug|Any CPU.Build.0 = Debug|Any CPU
		{B4BC06D2-AC68-47E0-80F4-41DB620AE720}.Debug|x64.ActiveCfg = Debug|Any CPU
		{B4BC06D2-AC68-47E0-80F4-41DB620AE720}.Debug|x86.ActiveCfg = Debug|Any CPU
		{B4BC06D2-AC68-47E0-80F4-41DB620AE720}.Release|Any CPU.ActiveCfg = Release|Any CPU
		{B4BC06D2-AC68-47E0-80F4-41DB620AE720}.Release|Any CPU.Build.0 = Release|Any CPU
		{B4BC06D2-AC68-47E0-80F4-41DB620AE720}.Release|x64.ActiveCfg = Release|Any CPU
		{B4BC06D2-AC68-47E0-80F4-41DB620AE720}.Release|x86.ActiveCfg = Release|Any CPU
		{95D0E493-548D-4B02-B84E-3F026C188654}.Debug|Any CPU.ActiveCfg = Debug|Any CPU
		{95D0E493-548D-4B02-B84E-3F026C188654}.Debug|Any CPU.Build.0 = Debug|Any CPU
		{95D0E493-548D-4B02-B84E-3F026C188654}.Debug|x64.ActiveCfg = Debug|Any CPU
		{95D0E493-548D-4B02-B84E-3F026C188654}.Debug|x86.ActiveCfg = Debug|Any CPU
		{95D0E493-548D-4B02-B84E-3F026C188654}.Release|Any CPU.ActiveCfg = Release|Any CPU
		{95D0E493-548D-4B02-B84E-3F026C188654}.Release|Any CPU.Build.0 = Release|Any CPU
		{95D0E493-548D-4B02-B84E-3F026C188654}.Release|x64.ActiveCfg = Release|Any CPU
		{95D0E493-548D-4B02-B84E-3F026C188654}.Release|x86.ActiveCfg = Release|Any CPU
		{E7D33E56-B86E-472C-B459-1FA5DB733975}.Debug|Any CPU.ActiveCfg = Debug|Any CPU
		{E7D33E56-B86E-472C-B459-1FA5DB733975}.Debug|Any CPU.Build.0 = Debug|Any CPU
		{E7D33E56-B86E-472C-B459-1FA5DB733975}.Debug|x64.ActiveCfg = Debug|Any CPU
		{E7D33E56-B86E-472C-B459-1FA5DB733975}.Debug|x86.ActiveCfg = Debug|Any CPU
		{E7D33E56-B86E-472C-B459-1FA5DB733975}.Release|Any CPU.ActiveCfg = Release|Any CPU
		{E7D33E56-B86E-472C-B459-1FA5DB733975}.Release|Any CPU.Build.0 = Release|Any CPU
		{E7D33E56-B86E-472C-B459-1FA5DB733975}.Release|x64.ActiveCfg = Release|Any CPU
		{E7D33E56-B86E-472C-B459-1FA5DB733975}.Release|x86.ActiveCfg = Release|Any CPU
		{B317D5CD-BBEF-4FCE-A8C0-D9EE6B9BF170}.Debug|Any CPU.ActiveCfg = Debug|Any CPU
		{B317D5CD-BBEF-4FCE-A8C0-D9EE6B9BF170}.Debug|Any CPU.Build.0 = Debug|Any CPU
		{B317D5CD-BBEF-4FCE-A8C0-D9EE6B9BF170}.Debug|x64.ActiveCfg = Debug|Any CPU
		{B317D5CD-BBEF-4FCE-A8C0-D9EE6B9BF170}.Debug|x86.ActiveCfg = Debug|Any CPU
		{B317D5CD-BBEF-4FCE-A8C0-D9EE6B9BF170}.Release|Any CPU.ActiveCfg = Release|Any CPU
		{B317D5CD-BBEF-4FCE-A8C0-D9EE6B9BF170}.Release|Any CPU.Build.0 = Release|Any CPU
		{B317D5CD-BBEF-4FCE-A8C0-D9EE6B9BF170}.Release|x64.ActiveCfg = Release|Any CPU
		{B317D5CD-BBEF-4FCE-A8C0-D9EE6B9BF170}.Release|x86.ActiveCfg = Release|Any CPU
		{557D92F8-6ADC-4363-AEA0-749F3C8D0FC6}.Debug|Any CPU.ActiveCfg = Debug|Any CPU
		{557D92F8-6ADC-4363-AEA0-749F3C8D0FC6}.Debug|Any CPU.Build.0 = Debug|Any CPU
		{557D92F8-6ADC-4363-AEA0-749F3C8D0FC6}.Debug|x64.ActiveCfg = Debug|Any CPU
		{557D92F8-6ADC-4363-AEA0-749F3C8D0FC6}.Debug|x86.ActiveCfg = Debug|Any CPU
		{557D92F8-6ADC-4363-AEA0-749F3C8D0FC6}.Release|Any CPU.ActiveCfg = Release|Any CPU
		{557D92F8-6ADC-4363-AEA0-749F3C8D0FC6}.Release|Any CPU.Build.0 = Release|Any CPU
		{557D92F8-6ADC-4363-AEA0-749F3C8D0FC6}.Release|x64.ActiveCfg = Release|Any CPU
		{557D92F8-6ADC-4363-AEA0-749F3C8D0FC6}.Release|x86.ActiveCfg = Release|Any CPU
		{421B6F6F-17FA-4789-A55D-26DA315CEC90}.Debug|Any CPU.ActiveCfg = Debug|Any CPU
		{421B6F6F-17FA-4789-A55D-26DA315CEC90}.Debug|Any CPU.Build.0 = Debug|Any CPU
		{421B6F6F-17FA-4789-A55D-26DA315CEC90}.Debug|x64.ActiveCfg = Debug|Any CPU
		{421B6F6F-17FA-4789-A55D-26DA315CEC90}.Debug|x86.ActiveCfg = Debug|Any CPU
		{421B6F6F-17FA-4789-A55D-26DA315CEC90}.Release|Any CPU.ActiveCfg = Release|Any CPU
		{421B6F6F-17FA-4789-A55D-26DA315CEC90}.Release|Any CPU.Build.0 = Release|Any CPU
		{421B6F6F-17FA-4789-A55D-26DA315CEC90}.Release|x64.ActiveCfg = Release|Any CPU
		{421B6F6F-17FA-4789-A55D-26DA315CEC90}.Release|x86.ActiveCfg = Release|Any CPU
		{1BD6589D-DFE0-47BD-827C-C57D138E5FC6}.Debug|Any CPU.ActiveCfg = Debug|Any CPU
		{1BD6589D-DFE0-47BD-827C-C57D138E5FC6}.Debug|Any CPU.Build.0 = Debug|Any CPU
		{1BD6589D-DFE0-47BD-827C-C57D138E5FC6}.Debug|x64.ActiveCfg = Debug|Any CPU
		{1BD6589D-DFE0-47BD-827C-C57D138E5FC6}.Debug|x86.ActiveCfg = Debug|Any CPU
		{1BD6589D-DFE0-47BD-827C-C57D138E5FC6}.Release|Any CPU.ActiveCfg = Release|Any CPU
		{1BD6589D-DFE0-47BD-827C-C57D138E5FC6}.Release|Any CPU.Build.0 = Release|Any CPU
		{1BD6589D-DFE0-47BD-827C-C57D138E5FC6}.Release|x64.ActiveCfg = Release|Any CPU
		{1BD6589D-DFE0-47BD-827C-C57D138E5FC6}.Release|x86.ActiveCfg = Release|Any CPU
		{C5036B7F-9D11-47AE-AF61-C84AFF3FBC46}.Debug|Any CPU.ActiveCfg = Debug|Any CPU
		{C5036B7F-9D11-47AE-AF61-C84AFF3FBC46}.Debug|Any CPU.Build.0 = Debug|Any CPU
		{C5036B7F-9D11-47AE-AF61-C84AFF3FBC46}.Debug|x64.ActiveCfg = Debug|Any CPU
		{C5036B7F-9D11-47AE-AF61-C84AFF3FBC46}.Debug|x86.ActiveCfg = Debug|Any CPU
		{C5036B7F-9D11-47AE-AF61-C84AFF3FBC46}.Release|Any CPU.ActiveCfg = Release|Any CPU
		{C5036B7F-9D11-47AE-AF61-C84AFF3FBC46}.Release|Any CPU.Build.0 = Release|Any CPU
		{C5036B7F-9D11-47AE-AF61-C84AFF3FBC46}.Release|x64.ActiveCfg = Release|Any CPU
		{C5036B7F-9D11-47AE-AF61-C84AFF3FBC46}.Release|x86.ActiveCfg = Release|Any CPU
		{89110B50-9AE7-465D-BF0C-63C090AF9FF6}.Debug|Any CPU.ActiveCfg = Debug|Any CPU
		{89110B50-9AE7-465D-BF0C-63C090AF9FF6}.Debug|Any CPU.Build.0 = Debug|Any CPU
		{89110B50-9AE7-465D-BF0C-63C090AF9FF6}.Debug|x64.ActiveCfg = Debug|Any CPU
		{89110B50-9AE7-465D-BF0C-63C090AF9FF6}.Debug|x86.ActiveCfg = Debug|Any CPU
		{89110B50-9AE7-465D-BF0C-63C090AF9FF6}.Release|Any CPU.ActiveCfg = Release|Any CPU
		{89110B50-9AE7-465D-BF0C-63C090AF9FF6}.Release|Any CPU.Build.0 = Release|Any CPU
		{89110B50-9AE7-465D-BF0C-63C090AF9FF6}.Release|x64.ActiveCfg = Release|Any CPU
		{89110B50-9AE7-465D-BF0C-63C090AF9FF6}.Release|x86.ActiveCfg = Release|Any CPU
		{382B4EB5-CA1F-4BF1-811E-C1BC2119047F}.Debug|Any CPU.ActiveCfg = Debug|Any CPU
		{382B4EB5-CA1F-4BF1-811E-C1BC2119047F}.Debug|Any CPU.Build.0 = Debug|Any CPU
		{382B4EB5-CA1F-4BF1-811E-C1BC2119047F}.Debug|x64.ActiveCfg = Debug|Any CPU
		{382B4EB5-CA1F-4BF1-811E-C1BC2119047F}.Debug|x86.ActiveCfg = Debug|Any CPU
		{382B4EB5-CA1F-4BF1-811E-C1BC2119047F}.Release|Any CPU.ActiveCfg = Release|Any CPU
		{382B4EB5-CA1F-4BF1-811E-C1BC2119047F}.Release|Any CPU.Build.0 = Release|Any CPU
		{382B4EB5-CA1F-4BF1-811E-C1BC2119047F}.Release|x64.ActiveCfg = Release|Any CPU
		{382B4EB5-CA1F-4BF1-811E-C1BC2119047F}.Release|x86.ActiveCfg = Release|Any CPU
		{CCBF0C6F-CADF-4E1A-8E85-07421FCEB55E}.Debug|Any CPU.ActiveCfg = Debug|Any CPU
		{CCBF0C6F-CADF-4E1A-8E85-07421FCEB55E}.Debug|Any CPU.Build.0 = Debug|Any CPU
		{CCBF0C6F-CADF-4E1A-8E85-07421FCEB55E}.Debug|x64.ActiveCfg = Debug|Any CPU
		{CCBF0C6F-CADF-4E1A-8E85-07421FCEB55E}.Debug|x86.ActiveCfg = Debug|Any CPU
		{CCBF0C6F-CADF-4E1A-8E85-07421FCEB55E}.Release|Any CPU.ActiveCfg = Release|Any CPU
		{CCBF0C6F-CADF-4E1A-8E85-07421FCEB55E}.Release|Any CPU.Build.0 = Release|Any CPU
		{CCBF0C6F-CADF-4E1A-8E85-07421FCEB55E}.Release|x64.ActiveCfg = Release|Any CPU
		{CCBF0C6F-CADF-4E1A-8E85-07421FCEB55E}.Release|x86.ActiveCfg = Release|Any CPU
		{34673CED-1D13-4B87-804D-72B5BEDA0837}.Debug|Any CPU.ActiveCfg = Debug|Any CPU
		{34673CED-1D13-4B87-804D-72B5BEDA0837}.Debug|Any CPU.Build.0 = Debug|Any CPU
		{34673CED-1D13-4B87-804D-72B5BEDA0837}.Debug|x64.ActiveCfg = Debug|Any CPU
		{34673CED-1D13-4B87-804D-72B5BEDA0837}.Debug|x86.ActiveCfg = Debug|Any CPU
		{34673CED-1D13-4B87-804D-72B5BEDA0837}.Release|Any CPU.ActiveCfg = Release|Any CPU
		{34673CED-1D13-4B87-804D-72B5BEDA0837}.Release|Any CPU.Build.0 = Release|Any CPU
		{34673CED-1D13-4B87-804D-72B5BEDA0837}.Release|x64.ActiveCfg = Release|Any CPU
		{34673CED-1D13-4B87-804D-72B5BEDA0837}.Release|x86.ActiveCfg = Release|Any CPU
		{46DEFBAB-B99B-4F14-B29D-1796914861BC}.Debug|Any CPU.ActiveCfg = Debug|Any CPU
		{46DEFBAB-B99B-4F14-B29D-1796914861BC}.Debug|Any CPU.Build.0 = Debug|Any CPU
		{46DEFBAB-B99B-4F14-B29D-1796914861BC}.Debug|x64.ActiveCfg = Debug|Any CPU
		{46DEFBAB-B99B-4F14-B29D-1796914861BC}.Debug|x86.ActiveCfg = Debug|Any CPU
		{46DEFBAB-B99B-4F14-B29D-1796914861BC}.Release|Any CPU.ActiveCfg = Release|Any CPU
		{46DEFBAB-B99B-4F14-B29D-1796914861BC}.Release|Any CPU.Build.0 = Release|Any CPU
		{46DEFBAB-B99B-4F14-B29D-1796914861BC}.Release|x64.ActiveCfg = Release|Any CPU
		{46DEFBAB-B99B-4F14-B29D-1796914861BC}.Release|x86.ActiveCfg = Release|Any CPU
		{6E264675-3DF1-4192-879E-944FC1DC360E}.Debug|Any CPU.ActiveCfg = Debug|Any CPU
		{6E264675-3DF1-4192-879E-944FC1DC360E}.Debug|Any CPU.Build.0 = Debug|Any CPU
		{6E264675-3DF1-4192-879E-944FC1DC360E}.Debug|x64.ActiveCfg = Debug|Any CPU
		{6E264675-3DF1-4192-879E-944FC1DC360E}.Debug|x86.ActiveCfg = Debug|Any CPU
		{6E264675-3DF1-4192-879E-944FC1DC360E}.Release|Any CPU.ActiveCfg = Release|Any CPU
		{6E264675-3DF1-4192-879E-944FC1DC360E}.Release|Any CPU.Build.0 = Release|Any CPU
		{6E264675-3DF1-4192-879E-944FC1DC360E}.Release|x64.ActiveCfg = Release|Any CPU
		{6E264675-3DF1-4192-879E-944FC1DC360E}.Release|x86.ActiveCfg = Release|Any CPU
		{0E6150C9-2BCA-4828-AD46-411589762A69}.Debug|Any CPU.ActiveCfg = Debug|Any CPU
		{0E6150C9-2BCA-4828-AD46-411589762A69}.Debug|Any CPU.Build.0 = Debug|Any CPU
		{0E6150C9-2BCA-4828-AD46-411589762A69}.Debug|x64.ActiveCfg = Debug|Any CPU
		{0E6150C9-2BCA-4828-AD46-411589762A69}.Debug|x86.ActiveCfg = Debug|Any CPU
		{0E6150C9-2BCA-4828-AD46-411589762A69}.Release|Any CPU.ActiveCfg = Release|Any CPU
		{0E6150C9-2BCA-4828-AD46-411589762A69}.Release|Any CPU.Build.0 = Release|Any CPU
		{0E6150C9-2BCA-4828-AD46-411589762A69}.Release|x64.ActiveCfg = Release|Any CPU
		{0E6150C9-2BCA-4828-AD46-411589762A69}.Release|x86.ActiveCfg = Release|Any CPU
		{C9F1142A-1A17-4AD3-93EF-BB2C9919495C}.Debug|Any CPU.ActiveCfg = Debug|Any CPU
		{C9F1142A-1A17-4AD3-93EF-BB2C9919495C}.Debug|Any CPU.Build.0 = Debug|Any CPU
		{C9F1142A-1A17-4AD3-93EF-BB2C9919495C}.Debug|x64.ActiveCfg = Debug|x64
		{C9F1142A-1A17-4AD3-93EF-BB2C9919495C}.Debug|x64.Build.0 = Debug|x64
		{C9F1142A-1A17-4AD3-93EF-BB2C9919495C}.Debug|x86.ActiveCfg = Debug|x86
		{C9F1142A-1A17-4AD3-93EF-BB2C9919495C}.Debug|x86.Build.0 = Debug|x86
		{C9F1142A-1A17-4AD3-93EF-BB2C9919495C}.Release|Any CPU.ActiveCfg = Release|Any CPU
		{C9F1142A-1A17-4AD3-93EF-BB2C9919495C}.Release|Any CPU.Build.0 = Release|Any CPU
		{C9F1142A-1A17-4AD3-93EF-BB2C9919495C}.Release|x64.ActiveCfg = Release|x64
		{C9F1142A-1A17-4AD3-93EF-BB2C9919495C}.Release|x64.Build.0 = Release|x64
		{C9F1142A-1A17-4AD3-93EF-BB2C9919495C}.Release|x86.ActiveCfg = Release|x86
		{C9F1142A-1A17-4AD3-93EF-BB2C9919495C}.Release|x86.Build.0 = Release|x86
		{0D8E2B66-3AF3-49BC-9F88-3760FCB8EAD3}.Debug|Any CPU.ActiveCfg = Debug|Any CPU
		{0D8E2B66-3AF3-49BC-9F88-3760FCB8EAD3}.Debug|Any CPU.Build.0 = Debug|Any CPU
		{0D8E2B66-3AF3-49BC-9F88-3760FCB8EAD3}.Debug|x64.ActiveCfg = Debug|Any CPU
		{0D8E2B66-3AF3-49BC-9F88-3760FCB8EAD3}.Debug|x86.ActiveCfg = Debug|Any CPU
		{0D8E2B66-3AF3-49BC-9F88-3760FCB8EAD3}.Release|Any CPU.ActiveCfg = Release|Any CPU
		{0D8E2B66-3AF3-49BC-9F88-3760FCB8EAD3}.Release|Any CPU.Build.0 = Release|Any CPU
		{0D8E2B66-3AF3-49BC-9F88-3760FCB8EAD3}.Release|x64.ActiveCfg = Release|Any CPU
		{0D8E2B66-3AF3-49BC-9F88-3760FCB8EAD3}.Release|x86.ActiveCfg = Release|Any CPU
		{2ECB0F9D-03D4-4ABD-BC00-8BD46A60D36E}.Debug|Any CPU.ActiveCfg = Debug|Any CPU
		{2ECB0F9D-03D4-4ABD-BC00-8BD46A60D36E}.Debug|Any CPU.Build.0 = Debug|Any CPU
		{2ECB0F9D-03D4-4ABD-BC00-8BD46A60D36E}.Debug|x64.ActiveCfg = Debug|Any CPU
		{2ECB0F9D-03D4-4ABD-BC00-8BD46A60D36E}.Debug|x86.ActiveCfg = Debug|Any CPU
		{2ECB0F9D-03D4-4ABD-BC00-8BD46A60D36E}.Release|Any CPU.ActiveCfg = Release|Any CPU
		{2ECB0F9D-03D4-4ABD-BC00-8BD46A60D36E}.Release|Any CPU.Build.0 = Release|Any CPU
		{2ECB0F9D-03D4-4ABD-BC00-8BD46A60D36E}.Release|x64.ActiveCfg = Release|Any CPU
		{2ECB0F9D-03D4-4ABD-BC00-8BD46A60D36E}.Release|x86.ActiveCfg = Release|Any CPU
		{9486E7D7-F75C-48D5-B7D8-75BCB5C807EB}.Debug|Any CPU.ActiveCfg = Debug|Any CPU
		{9486E7D7-F75C-48D5-B7D8-75BCB5C807EB}.Debug|Any CPU.Build.0 = Debug|Any CPU
		{9486E7D7-F75C-48D5-B7D8-75BCB5C807EB}.Debug|x64.ActiveCfg = Debug|Any CPU
		{9486E7D7-F75C-48D5-B7D8-75BCB5C807EB}.Debug|x86.ActiveCfg = Debug|Any CPU
		{9486E7D7-F75C-48D5-B7D8-75BCB5C807EB}.Release|Any CPU.ActiveCfg = Release|Any CPU
		{9486E7D7-F75C-48D5-B7D8-75BCB5C807EB}.Release|Any CPU.Build.0 = Release|Any CPU
		{9486E7D7-F75C-48D5-B7D8-75BCB5C807EB}.Release|x64.ActiveCfg = Release|Any CPU
		{9486E7D7-F75C-48D5-B7D8-75BCB5C807EB}.Release|x86.ActiveCfg = Release|Any CPU
		{95562B4C-DC94-4A98-B3B3-A32FBB575D45}.Debug|Any CPU.ActiveCfg = Debug|Any CPU
		{95562B4C-DC94-4A98-B3B3-A32FBB575D45}.Debug|Any CPU.Build.0 = Debug|Any CPU
		{95562B4C-DC94-4A98-B3B3-A32FBB575D45}.Debug|x64.ActiveCfg = Debug|Any CPU
		{95562B4C-DC94-4A98-B3B3-A32FBB575D45}.Debug|x86.ActiveCfg = Debug|Any CPU
		{95562B4C-DC94-4A98-B3B3-A32FBB575D45}.Release|Any CPU.ActiveCfg = Release|Any CPU
		{95562B4C-DC94-4A98-B3B3-A32FBB575D45}.Release|Any CPU.Build.0 = Release|Any CPU
		{95562B4C-DC94-4A98-B3B3-A32FBB575D45}.Release|x64.ActiveCfg = Release|Any CPU
		{95562B4C-DC94-4A98-B3B3-A32FBB575D45}.Release|x86.ActiveCfg = Release|Any CPU
		{4129C255-D929-4A6A-B96B-7FE03B8AD1E0}.Debug|Any CPU.ActiveCfg = Debug|Any CPU
		{4129C255-D929-4A6A-B96B-7FE03B8AD1E0}.Debug|Any CPU.Build.0 = Debug|Any CPU
		{4129C255-D929-4A6A-B96B-7FE03B8AD1E0}.Debug|x64.ActiveCfg = Debug|Any CPU
		{4129C255-D929-4A6A-B96B-7FE03B8AD1E0}.Debug|x86.ActiveCfg = Debug|Any CPU
		{4129C255-D929-4A6A-B96B-7FE03B8AD1E0}.Release|Any CPU.ActiveCfg = Release|Any CPU
		{4129C255-D929-4A6A-B96B-7FE03B8AD1E0}.Release|Any CPU.Build.0 = Release|Any CPU
		{4129C255-D929-4A6A-B96B-7FE03B8AD1E0}.Release|x64.ActiveCfg = Release|Any CPU
		{4129C255-D929-4A6A-B96B-7FE03B8AD1E0}.Release|x86.ActiveCfg = Release|Any CPU
		{655695B7-5CDF-47B6-B7AE-C10DFF6528AD}.Debug|Any CPU.ActiveCfg = Debug|Any CPU
		{655695B7-5CDF-47B6-B7AE-C10DFF6528AD}.Debug|Any CPU.Build.0 = Debug|Any CPU
		{655695B7-5CDF-47B6-B7AE-C10DFF6528AD}.Debug|x64.ActiveCfg = Debug|Any CPU
		{655695B7-5CDF-47B6-B7AE-C10DFF6528AD}.Debug|x86.ActiveCfg = Debug|Any CPU
		{655695B7-5CDF-47B6-B7AE-C10DFF6528AD}.Release|Any CPU.ActiveCfg = Release|Any CPU
		{655695B7-5CDF-47B6-B7AE-C10DFF6528AD}.Release|Any CPU.Build.0 = Release|Any CPU
		{655695B7-5CDF-47B6-B7AE-C10DFF6528AD}.Release|x64.ActiveCfg = Release|Any CPU
		{655695B7-5CDF-47B6-B7AE-C10DFF6528AD}.Release|x86.ActiveCfg = Release|Any CPU
		{4CE8F3B0-8F3B-4E8F-8F3B-4CE8F3B08F3B}.Debug|Any CPU.ActiveCfg = Debug|Any CPU
		{4CE8F3B0-8F3B-4E8F-8F3B-4CE8F3B08F3B}.Debug|Any CPU.Build.0 = Debug|Any CPU
		{4CE8F3B0-8F3B-4E8F-8F3B-4CE8F3B08F3B}.Debug|x64.ActiveCfg = Debug|Any CPU
		{4CE8F3B0-8F3B-4E8F-8F3B-4CE8F3B08F3B}.Debug|x64.Build.0 = Debug|Any CPU
		{4CE8F3B0-8F3B-4E8F-8F3B-4CE8F3B08F3B}.Debug|x86.ActiveCfg = Debug|Any CPU
		{4CE8F3B0-8F3B-4E8F-8F3B-4CE8F3B08F3B}.Debug|x86.Build.0 = Debug|Any CPU
		{4CE8F3B0-8F3B-4E8F-8F3B-4CE8F3B08F3B}.Release|Any CPU.ActiveCfg = Release|Any CPU
		{4CE8F3B0-8F3B-4E8F-8F3B-4CE8F3B08F3B}.Release|Any CPU.Build.0 = Release|Any CPU
		{4CE8F3B0-8F3B-4E8F-8F3B-4CE8F3B08F3B}.Release|x64.ActiveCfg = Release|Any CPU
		{4CE8F3B0-8F3B-4E8F-8F3B-4CE8F3B08F3B}.Release|x64.Build.0 = Release|Any CPU
		{4CE8F3B0-8F3B-4E8F-8F3B-4CE8F3B08F3B}.Release|x86.ActiveCfg = Release|Any CPU
		{4CE8F3B0-8F3B-4E8F-8F3B-4CE8F3B08F3B}.Release|x86.Build.0 = Release|Any CPU
	EndGlobalSection
	GlobalSection(SolutionProperties) = preSolution
		HideSolutionNode = FALSE
	EndGlobalSection
	GlobalSection(NestedProjects) = preSolution
		{B4759FCB-1D5E-8C2B-B501-752C1D3F75DF} = {60E9AB07-375D-EBFC-34B4-6824E664EA23}
		{4CE8F3B0-8F3B-4E8F-8F3B-4CE8F3B08F3B} = {B4759FCB-1D5E-8C2B-B501-752C1D3F75DF}
	EndGlobalSection
EndGlobal
